// !$*UTF8*$!
{
	archiveVersion = 1;
	classes = {
	};
	objectVersion = 46;
	objects = {

/* Begin PBXBuildFile section */
		008E02DF38A440A5AED05E68 /* sqlite3.c in Sources */ = {isa = PBXBuildFile; fileRef = AFECC8892A79492A818FF95A /* sqlite3.c */; settings = {COMPILER_FLAGS = "-DSQLITE_THREADSAFE=1 -DSQLITE_DEFAULT_MEMSTATUS=0 -DSQLITE_OMIT_DECLTYPE -DSQLITE_OMIT_DEPRECATED -DSQLITE_OMIT_PROGRESS_CALLBACK -DSQLITE_OMIT_SHARED_CACHE -DSQLITE_TEMP_STORE=2 -DSQLITE_OMIT_LOAD_EXTENSION -DSQLITE_ENABLE_FTS3 -DSQLITE_ENABLE_FTS3_PARENTHESIS -DSQLITE_ENABLE_FTS4 -DSQLITE_ENABLE_RTREE -DSQLITE_DEFAULT_PAGE_SIZE=1024 -DSQLITE_DEFAULT_CACHE_SIZE=2000"; }; };
		0207DA581B56EA530066E2B4 /* Images.xcassets in Resources */ = {isa = PBXBuildFile; fileRef = 0207DA571B56EA530066E2B4 /* Images.xcassets */; };
		0338448821604D63A30EA86A /* GCDWebServerErrorResponse.m in Sources */ = {isa = PBXBuildFile; fileRef = CB185896202D434EB0A9340D /* GCDWebServerErrorResponse.m */; };
		06D6F4AD7ABC4735842F7247 /* inffast.c in Sources */ = {isa = PBXBuildFile; fileRef = 0E687796134644BCB4DDD16B /* inffast.c */; };
		102597A9BFB041B4ADBA382D /* CTCrop.m in Sources */ = {isa = PBXBuildFile; fileRef = B9A234B03B1044A1BAE1D4C9 /* CTCrop.m */; };
		11422464B38A40CFA43D6379 /* UNIBaseRequest.m in Sources */ = {isa = PBXBuildFile; fileRef = BDA6A9B3256D43CCBF7BF955 /* UNIBaseRequest.m */; };
		1479D822E6CC46D6925D82C3 /* SQLitePlugin.m in Sources */ = {isa = PBXBuildFile; fileRef = 6932D2CDBB2C4F1F8189AB09 /* SQLitePlugin.m */; };
		163F482DA3044A84B4BC451D /* VideoEditor.m in Sources */ = {isa = PBXBuildFile; fileRef = 34B00DA73BD247489FF46DD0 /* VideoEditor.m */; };
		17E3D19E1ADE41BEAC8F8CB3 /* CDVWKProcessPoolFactory.m in Sources */ = {isa = PBXBuildFile; fileRef = 35F5ACC164424DBA9A2FC639 /* CDVWKProcessPoolFactory.m */; };
		17F65D4A888849F29634D51E /* UNISimpleRequest.m in Sources */ = {isa = PBXBuildFile; fileRef = 3978D2012A734A23A2FEE585 /* UNISimpleRequest.m */; };
		1D3623260D0F684500981E51 /* AppDelegate.m in Sources */ = {isa = PBXBuildFile; fileRef = 1D3623250D0F684500981E51 /* AppDelegate.m */; };
		1D60589B0D05DD56006BFB54 /* main.m in Sources */ = {isa = PBXBuildFile; fileRef = 29B97316FDCFA39411CA2CEA /* main.m */; };
		1DCDEDC5E3364230A6FAFAF5 /* PEResizeControl.m in Sources */ = {isa = PBXBuildFile; fileRef = BFF3BE0A1B7940FCA874B07D /* PEResizeControl.m */; };
		2435478E13C84382B9A3DDB1 /* PECropRectView.m in Sources */ = {isa = PBXBuildFile; fileRef = FBD9D71C3B9B4D538032EF69 /* PECropRectView.m */; };
		2474FFE8A7644102B8E53FE7 /* CoreTelephony.framework in Frameworks */ = {isa = PBXBuildFile; fileRef = F8984CA62E8B4160A24E5C15 /* CoreTelephony.framework */; };
		24E609F9F1F747629E6836E9 /* gzclose.c in Sources */ = {isa = PBXBuildFile; fileRef = 367CB234BAD44E1DA68B7EA4 /* gzclose.c */; };
		278E69B0E35BB32F53997C45 /* libPods-Citadino.a in Frameworks */ = {isa = PBXBuildFile; fileRef = 37DB0DAC2A6DC8B039A36292 /* libPods-Citadino.a */; };
		296EFC01C62D4DFD8FFACD4B /* SystemConfiguration.framework in Frameworks */ = {isa = PBXBuildFile; fileRef = 246C81AF340943878440BE83 /* SystemConfiguration.framework */; };
		2CC7286CCC64456697F5E5A0 /* zip.c in Sources */ = {isa = PBXBuildFile; fileRef = D1FE22E21EFE421FA4E5D723 /* zip.c */; };
		2DAB19D9150E417EB310E607 /* CoreLocation.framework in Frameworks */ = {isa = PBXBuildFile; fileRef = 44507EE7036F4D98863A41C9 /* CoreLocation.framework */; };
		301BF552109A68D80062928A /* libCordova.a in Frameworks */ = {isa = PBXBuildFile; fileRef = 301BF535109A57CC0062928A /* libCordova.a */; };
		302D95F114D2391D003F00A1 /* MainViewController.m in Sources */ = {isa = PBXBuildFile; fileRef = 302D95EF14D2391D003F00A1 /* MainViewController.m */; };
		302D95F214D2391D003F00A1 /* MainViewController.xib in Resources */ = {isa = PBXBuildFile; fileRef = 302D95F014D2391D003F00A1 /* MainViewController.xib */; };
		330A32BDE8284BB188AF28B2 /* infback.c in Sources */ = {isa = PBXBuildFile; fileRef = 03EE3E99D9224E0ABB8103F9 /* infback.c */; };
		3B58615501C34043971506D7 /* GCDWebServerFileResponse.m in Sources */ = {isa = PBXBuildFile; fileRef = 255190F9917C4EB6B048CFA8 /* GCDWebServerFileResponse.m */; };
		42CB23C88FCB4F6686934DF1 /* UNIUrlConnection.m in Sources */ = {isa = PBXBuildFile; fileRef = 83C520396B0F4E23A37707FC /* UNIUrlConnection.m */; };
		482EEC2491714798903A1EF6 /* PEPhotoCropEditor.bundle in Resources */ = {isa = PBXBuildFile; fileRef = B74579BB0C404EB3987FE87E /* PEPhotoCropEditor.bundle */; };
		5155760E45674FC3B48971E7 /* GCDWebServerFileRequest.m in Sources */ = {isa = PBXBuildFile; fileRef = 83AB0C236C174C7CA2530B9F /* GCDWebServerFileRequest.m */; };
		51F54B7C2E93481D84D0D570 /* crc32.c in Sources */ = {isa = PBXBuildFile; fileRef = 3635DB77366148BBA632FB78 /* crc32.c */; };
		53F43201B0164AA19697C110 /* SSZipArchive.m in Sources */ = {isa = PBXBuildFile; fileRef = B78B34EFA8DC4F128E6FB6D5 /* SSZipArchive.m */; };
		55C43E76BFFC4FCB9B4F372D /* UNIHTTPResponse.m in Sources */ = {isa = PBXBuildFile; fileRef = 0EAEC9C3EDAA48DF839FAD3E /* UNIHTTPResponse.m */; };
		573C7103454F44F1827DC1CC /* CDVReachability.m in Sources */ = {isa = PBXBuildFile; fileRef = A563E4B411BC416785C4EE13 /* CDVReachability.m */; };
		57D406B8AD4E4F51AC5034F9 /* CDVInAppBrowser.m in Sources */ = {isa = PBXBuildFile; fileRef = 94C7C0B7C2B34F3383CCC760 /* CDVInAppBrowser.m */; };
		5D2EA65BFAC74105B9F0FEFB /* OneSignalPush.m in Sources */ = {isa = PBXBuildFile; fileRef = 19425C34BE6045C0816EEE8B /* OneSignalPush.m */; };
		609A08C6DD724397A8FC476E /* WebKit.framework in Frameworks */ = {isa = PBXBuildFile; fileRef = 0145ED2ACBA649ABB1D53150 /* WebKit.framework */; settings = {ATTRIBUTES = (Weak, ); }; };
		6175D23B272F49FFBF604775 /* gzread.c in Sources */ = {isa = PBXBuildFile; fileRef = 422A44130584453FA2A0C3DA /* gzread.c */; };
		64998A44C2EE418189011108 /* compress.c in Sources */ = {isa = PBXBuildFile; fileRef = 17CEE7720FB24DCBB451E936 /* compress.c */; };
		6923F493AB82483A9A38C5CD /* SDAVAssetExportSession.m in Sources */ = {isa = PBXBuildFile; fileRef = B4A2447931CF4C46B65462D1 /* SDAVAssetExportSession.m */; };
		69D0B26DD5E242828D34EDCF /* Download.m in Sources */ = {isa = PBXBuildFile; fileRef = D3D0D2ECC3514E86AC2BB2BE /* Download.m */; };
		6AFF5BF91D6E424B00AB3073 /* CDVLaunchScreen.storyboard in Resources */ = {isa = PBXBuildFile; fileRef = 6AFF5BF81D6E424B00AB3073 /* CDVLaunchScreen.storyboard */; };
		6C8D499587A34706BA1366AC /* CDVJpegHeaderWriter.m in Sources */ = {isa = PBXBuildFile; fileRef = 0B3123D21CD5430781F62B97 /* CDVJpegHeaderWriter.m */; };
		782555651C9947F69E9E0320 /* UNIHTTPRequest.m in Sources */ = {isa = PBXBuildFile; fileRef = 75E8F1C2D9FF42BF9577BA32 /* UNIHTTPRequest.m */; };
		7C3F35F8B07E4EC5937D9A75 /* GCDWebServerResponse.m in Sources */ = {isa = PBXBuildFile; fileRef = AD4663C6219C40398205E619 /* GCDWebServerResponse.m */; };
		7C4E1F594D7D4E08A5CA24CF /* UNIBodyRequest.m in Sources */ = {isa = PBXBuildFile; fileRef = 07DE150A0ADE43FEB5F848CE /* UNIBodyRequest.m */; };
		7FDD2BA3795641DAB630CF7D /* IonicConstant.m in Sources */ = {isa = PBXBuildFile; fileRef = 3470CB60104049D3AE546E52 /* IonicConstant.m */; };
		82C6692745B34FD48B9E21A7 /* unzip.c in Sources */ = {isa = PBXBuildFile; fileRef = D004A5CB7592408F98B5900A /* unzip.c */; };
		85761C7A08D44C779F586F67 /* MediaPlayer.framework in Frameworks */ = {isa = PBXBuildFile; fileRef = C406FD560621425F8DE9A661 /* MediaPlayer.framework */; };
		86600B5927FA4E7C9FEFC0D1 /* CDVConnection.m in Sources */ = {isa = PBXBuildFile; fileRef = 46959EFD6B754FDA836FBFAA /* CDVConnection.m */; };
		8695C08E606A4E73AD97DEF9 /* AVFoundation.framework in Frameworks */ = {isa = PBXBuildFile; fileRef = EDF60B046F6F4A3BBFC3C946 /* AVFoundation.framework */; };
		871ACF9CD028475F8829B9D0 /* GCDWebServerStreamedResponse.m in Sources */ = {isa = PBXBuildFile; fileRef = ADB8C198C08640F4A7202CED /* GCDWebServerStreamedResponse.m */; };
		89AF44B2576548BFB2B8217D /* IonicDeploy.m in Sources */ = {isa = PBXBuildFile; fileRef = 3B4ECB96CFC94D08A8CD0A81 /* IonicDeploy.m */; };
		8A5675850B7A4CD19F19073D /* PECropView.m in Sources */ = {isa = PBXBuildFile; fileRef = 235E55EC860A48A58D6001AD /* PECropView.m */; };
		8D7791237165472FAB74574D /* gzlib.c in Sources */ = {isa = PBXBuildFile; fileRef = 28F081BAA8A44924A7471B92 /* gzlib.c */; };
		900927195BCC4AB2BCD48FBC /* GCDWebServerURLEncodedFormRequest.m in Sources */ = {isa = PBXBuildFile; fileRef = 8DF3BF228A974C5AA1235DB8 /* GCDWebServerURLEncodedFormRequest.m */; };
		94E5C5CE3B1242469BB59690 /* CDVLogger.m in Sources */ = {isa = PBXBuildFile; fileRef = A8A1926E48D84D099E0918BE /* CDVLogger.m */; };
		95D1BBDBDBA941C0A49B457A /* GCDWebServerFunctions.m in Sources */ = {isa = PBXBuildFile; fileRef = 35AD0F2D0A584A84AD52AD2C /* GCDWebServerFunctions.m */; };
		971AD8B39E224102949B4859 /* GCDWebServer.m in Sources */ = {isa = PBXBuildFile; fileRef = 145DE4CE33794903AFC9E140 /* GCDWebServer.m */; };
		9B2FF00CF85C411699DA9218 /* uncompr.c in Sources */ = {isa = PBXBuildFile; fileRef = 07A69D39AE8D436A81B46651 /* uncompr.c */; };
		9BD0D455831842F3868A78AD /* UNIHTTPRequestWithBody.m in Sources */ = {isa = PBXBuildFile; fileRef = B91DB2AF69594C9386651CAD /* UNIHTTPRequestWithBody.m */; };
		9E3FD776B1E34A1A8CFEE987 /* libz.tbd in Frameworks */ = {isa = PBXBuildFile; fileRef = 1F2E936A0AA745CEAA87B1D7 /* libz.tbd */; };
		A50CE959C9A242F8B3A73A28 /* UNIRest.m in Sources */ = {isa = PBXBuildFile; fileRef = 2C59250A362542EDB79413C9 /* UNIRest.m */; };
		B2C0EC07BDFE468788F887F4 /* ioapi.c in Sources */ = {isa = PBXBuildFile; fileRef = A95FA468F3E647ADAAD122B2 /* ioapi.c */; };
		B2CBECCEEA8B4C6A95F2B9AF /* zutil.c in Sources */ = {isa = PBXBuildFile; fileRef = E3B486FEAE9E41F9B37C2382 /* zutil.c */; };
		B7654D33868F4E5ABA46BF72 /* CDVViewController+SplashScreen.m in Sources */ = {isa = PBXBuildFile; fileRef = B0AD99A5BE6149119C7CF06B /* CDVViewController+SplashScreen.m */; };
		B78697DFDF1F463390CC344D /* inflate.c in Sources */ = {isa = PBXBuildFile; fileRef = 76FC58281C3E44899EE03ED2 /* inflate.c */; };
		B7A25D1F709B47DB9C16A8F0 /* adler32.c in Sources */ = {isa = PBXBuildFile; fileRef = 971D923CA97B4D2F88B42E60 /* adler32.c */; };
		B7C243DF9E324E1DBD0E34E6 /* CDVStatusBar.m in Sources */ = {isa = PBXBuildFile; fileRef = 453DEE76E96549EC852D370E /* CDVStatusBar.m */; };
		B85D94CB45BA4457B7EABF18 /* DownloadManager.m in Sources */ = {isa = PBXBuildFile; fileRef = 9D75FBA461D14ADBB8039411 /* DownloadManager.m */; };
		BC01238A46B648F2A43D3A7A /* CDVCamera.m in Sources */ = {isa = PBXBuildFile; fileRef = BED47C6536C64950919A9B62 /* CDVCamera.m */; };
		BF544591C3E34153AD496E1D /* trees.c in Sources */ = {isa = PBXBuildFile; fileRef = 2C09A347795D46659E21B14C /* trees.c */; };
		BFD0E0D8ABA145939648778B /* ImageIO.framework in Frameworks */ = {isa = PBXBuildFile; fileRef = 5842A7C284D14777A3363782 /* ImageIO.framework */; settings = {ATTRIBUTES = (Weak, ); }; };
		C1252830459844358C95C6F8 /* deflate.c in Sources */ = {isa = PBXBuildFile; fileRef = 96116726D75E4166A9DC54B7 /* deflate.c */; };
		C1D0F1CC20FC468C91AEFA25 /* CFCallNumber.m in Sources */ = {isa = PBXBuildFile; fileRef = 2FE4DA366BA04FCFAC7B693D /* CFCallNumber.m */; };
		C1E83DA98B3947C3A87B2D20 /* GCDWebServerDataResponse.m in Sources */ = {isa = PBXBuildFile; fileRef = B5A73D2375E241F9A1001C06 /* GCDWebServerDataResponse.m */; };
		C2E72F600A6C4CFDAC79CC4A /* UNIHTTPJsonResponse.m in Sources */ = {isa = PBXBuildFile; fileRef = 69719EFD3DCC4D2A93CEE66A /* UNIHTTPJsonResponse.m */; };
		C3023A230B0A472D907D4CB7 /* CDVWKWebViewUIDelegate.m in Sources */ = {isa = PBXBuildFile; fileRef = ED5E1C8D84374C57A06020C5 /* CDVWKWebViewUIDelegate.m */; };
		C454E89B95B74E8EBB0785E6 /* GCDWebServerDataRequest.m in Sources */ = {isa = PBXBuildFile; fileRef = 62F666A6916844E19788AFCB /* GCDWebServerDataRequest.m */; };
		C6DC6EA7EF60427A994B1054 /* CDVWKWebViewEngine.m in Sources */ = {isa = PBXBuildFile; fileRef = 92E493529DD240119DCD73F9 /* CDVWKWebViewEngine.m */; };
		C9B299C1158A432DA822E34D /* QuartzCore.framework in Frameworks */ = {isa = PBXBuildFile; fileRef = 09175069161C48029769622B /* QuartzCore.framework */; };
		CA32CC14678E4D449F20A82D /* CDVSplashScreen.m in Sources */ = {isa = PBXBuildFile; fileRef = 8F687D393EC44934BBA880B7 /* CDVSplashScreen.m */; };
		D190576F39CF482FBB864CE2 /* GCDWebServerRequest.m in Sources */ = {isa = PBXBuildFile; fileRef = B4A03EDED408498FB49EDD00 /* GCDWebServerRequest.m */; };
		D463DFDF29EC446A81BD908B /* PECropViewController.m in Sources */ = {isa = PBXBuildFile; fileRef = 6008D61C674F4EFFBD730870 /* PECropViewController.m */; };
		D46A0B2C0ADE40DD8BA4E85F /* UNIHTTPBinaryResponse.m in Sources */ = {isa = PBXBuildFile; fileRef = 8F51C1602DFC4A9A8ADC22C4 /* UNIHTTPBinaryResponse.m */; };
		D52F0972EC3C478AA47F8325 /* UNIHTTPClientHelper.m in Sources */ = {isa = PBXBuildFile; fileRef = F7D44148FA8840E9A03E0C72 /* UNIHTTPClientHelper.m */; };
		D885B972DB4747A5A93C5E26 /* UIImage+PECrop.m in Sources */ = {isa = PBXBuildFile; fileRef = 156354E9A4BB474DBAAE7B4E /* UIImage+PECrop.m */; };
		DC29EA1067374BF3957F9A8B /* UNIJsonNode.m in Sources */ = {isa = PBXBuildFile; fileRef = B2247CF002C04D3B913145D6 /* UNIJsonNode.m */; };
		E1A3B0B449934EE490A5D8EA /* IonicKeyboard.m in Sources */ = {isa = PBXBuildFile; fileRef = 9A010240EC3543429E771CDF /* IonicKeyboard.m */; };
		E59DDBA86DE945648D08095C /* GCDWebServerConnection.m in Sources */ = {isa = PBXBuildFile; fileRef = 9CEEC5B313724EDB91646E63 /* GCDWebServerConnection.m */; };
		E77EF2589E5E4229AE2E4FC5 /* Base64.m in Sources */ = {isa = PBXBuildFile; fileRef = 200AC9BD5E674EE698343ACB /* Base64.m */; };
		EB16E8EF6A20418B80F406C1 /* UIImage+CropScaleOrientation.m in Sources */ = {isa = PBXBuildFile; fileRef = 6E6A04BC5A6D435582E986D4 /* UIImage+CropScaleOrientation.m */; };
		ECFA41AD33A74907A9FA353F /* GCDWebServerMultiPartFormRequest.m in Sources */ = {isa = PBXBuildFile; fileRef = 61F434B03B4F4103BA828244 /* GCDWebServerMultiPartFormRequest.m */; };
		F017563A1E9044AE99A3D27E /* CDVDevice.m in Sources */ = {isa = PBXBuildFile; fileRef = 6FB3B0956F514680862F4599 /* CDVDevice.m */; };
		F0A47B9D2EF948679C6C429A /* CoreVideo.framework in Frameworks */ = {isa = PBXBuildFile; fileRef = FE66A8A98F4B4956B3DB7A15 /* CoreVideo.framework */; };
		F8B565534A4248D893B6DD61 /* UNIHTTPStringResponse.m in Sources */ = {isa = PBXBuildFile; fileRef = 5DBB7735F7B0495D8D8A6D2B /* UNIHTTPStringResponse.m */; };
		FB8EBFE43466468786790F49 /* gzwrite.c in Sources */ = {isa = PBXBuildFile; fileRef = B7FD241E5FFA4379952C30E6 /* gzwrite.c */; };
		FBFC6B5125004B6C867B2ADC /* inftrees.c in Sources */ = {isa = PBXBuildFile; fileRef = C272140F6B4D435DAD4E81A0 /* inftrees.c */; };
		FC7E4BAD1E9948C08E021090 /* PhotoViewer.m in Sources */ = {isa = PBXBuildFile; fileRef = DB6ED318610E48F194027B47 /* PhotoViewer.m */; };
/* End PBXBuildFile section */

/* Begin PBXContainerItemProxy section */
		301BF534109A57CC0062928A /* PBXContainerItemProxy */ = {
			isa = PBXContainerItemProxy;
			containerPortal = 301BF52D109A57CC0062928A /* CordovaLib.xcodeproj */;
			proxyType = 2;
			remoteGlobalIDString = D2AAC07E0554694100DB518D;
			remoteInfo = CordovaLib;
		};
		301BF550109A68C00062928A /* PBXContainerItemProxy */ = {
			isa = PBXContainerItemProxy;
			containerPortal = 301BF52D109A57CC0062928A /* CordovaLib.xcodeproj */;
			proxyType = 1;
			remoteGlobalIDString = D2AAC07D0554694100DB518D;
			remoteInfo = CordovaLib;
		};
/* End PBXContainerItemProxy section */

/* Begin PBXFileReference section */
		0145ED2ACBA649ABB1D53150 /* WebKit.framework */ = {isa = PBXFileReference; explicitFileType = undefined; fileEncoding = 9; includeInIndex = 0; lastKnownFileType = wrapper.framework; name = WebKit.framework; path = System/Library/Frameworks/WebKit.framework; sourceTree = SDKROOT; };
		0207DA571B56EA530066E2B4 /* Images.xcassets */ = {isa = PBXFileReference; lastKnownFileType = folder.assetcatalog; name = Images.xcassets; path = Citadino/Images.xcassets; sourceTree = SOURCE_ROOT; };
		03EE3E99D9224E0ABB8103F9 /* infback.c */ = {isa = PBXFileReference; explicitFileType = undefined; fileEncoding = 9; includeInIndex = 0; lastKnownFileType = unknown; name = infback.c; path = "ionic-plugin-deploy/infback.c"; sourceTree = "<group>"; };
		03F523A3C684430A962B6C24 /* GCDWebServerMultiPartFormRequest.h */ = {isa = PBXFileReference; explicitFileType = undefined; fileEncoding = 4; includeInIndex = 0; lastKnownFileType = sourcecode.c.h; name = GCDWebServerMultiPartFormRequest.h; path = "cordova-plugin-ionic-webview/GCDWebServerMultiPartFormRequest.h"; sourceTree = "<group>"; };
		06A3BB0E556D4D9693448E03 /* PECropRectView.h */ = {isa = PBXFileReference; explicitFileType = undefined; fileEncoding = 4; includeInIndex = 0; lastKnownFileType = sourcecode.c.h; name = PECropRectView.h; path = "cordova-plugin-crop/PECropRectView.h"; sourceTree = "<group>"; };
		07A69D39AE8D436A81B46651 /* uncompr.c */ = {isa = PBXFileReference; explicitFileType = undefined; fileEncoding = 9; includeInIndex = 0; lastKnownFileType = unknown; name = uncompr.c; path = "ionic-plugin-deploy/uncompr.c"; sourceTree = "<group>"; };
		07DE150A0ADE43FEB5F848CE /* UNIBodyRequest.m */ = {isa = PBXFileReference; explicitFileType = undefined; fileEncoding = 4; includeInIndex = 0; lastKnownFileType = sourcecode.c.objc; name = UNIBodyRequest.m; path = "ionic-plugin-deploy/UNIBodyRequest.m"; sourceTree = "<group>"; };
		09175069161C48029769622B /* QuartzCore.framework */ = {isa = PBXFileReference; explicitFileType = undefined; fileEncoding = 9; includeInIndex = 0; lastKnownFileType = wrapper.framework; name = QuartzCore.framework; path = System/Library/Frameworks/QuartzCore.framework; sourceTree = SDKROOT; };
		096AE525B2454B7FB008C53F /* IonicKeyboard.h */ = {isa = PBXFileReference; explicitFileType = undefined; fileEncoding = 4; includeInIndex = 0; lastKnownFileType = sourcecode.c.h; name = IonicKeyboard.h; path = "ionic-plugin-keyboard/IonicKeyboard.h"; sourceTree = "<group>"; };
		0970A4560DA44B4D91C01A9B /* GCDWebServerResponse.h */ = {isa = PBXFileReference; explicitFileType = undefined; fileEncoding = 4; includeInIndex = 0; lastKnownFileType = sourcecode.c.h; name = GCDWebServerResponse.h; path = "cordova-plugin-ionic-webview/GCDWebServerResponse.h"; sourceTree = "<group>"; };
		0A0147F96E0A472CA845FAE1 /* UNIJsonNode.h */ = {isa = PBXFileReference; explicitFileType = undefined; fileEncoding = 4; includeInIndex = 0; lastKnownFileType = sourcecode.c.h; name = UNIJsonNode.h; path = "ionic-plugin-deploy/UNIJsonNode.h"; sourceTree = "<group>"; };
		0B3123D21CD5430781F62B97 /* CDVJpegHeaderWriter.m */ = {isa = PBXFileReference; explicitFileType = undefined; fileEncoding = 4; includeInIndex = 0; lastKnownFileType = sourcecode.c.objc; name = CDVJpegHeaderWriter.m; path = "cordova-plugin-camera/CDVJpegHeaderWriter.m"; sourceTree = "<group>"; };
		0C3C5A1853CB431E86F4542E /* UNIHTTPJsonResponse.h */ = {isa = PBXFileReference; explicitFileType = undefined; fileEncoding = 4; includeInIndex = 0; lastKnownFileType = sourcecode.c.h; name = UNIHTTPJsonResponse.h; path = "ionic-plugin-deploy/UNIHTTPJsonResponse.h"; sourceTree = "<group>"; };
		0E687796134644BCB4DDD16B /* inffast.c */ = {isa = PBXFileReference; explicitFileType = undefined; fileEncoding = 9; includeInIndex = 0; lastKnownFileType = unknown; name = inffast.c; path = "ionic-plugin-deploy/inffast.c"; sourceTree = "<group>"; };
		0EAEC9C3EDAA48DF839FAD3E /* UNIHTTPResponse.m */ = {isa = PBXFileReference; explicitFileType = undefined; fileEncoding = 4; includeInIndex = 0; lastKnownFileType = sourcecode.c.objc; name = UNIHTTPResponse.m; path = "ionic-plugin-deploy/UNIHTTPResponse.m"; sourceTree = "<group>"; };
		0FF1274AB6814B3494B50F53 /* deflate.h */ = {isa = PBXFileReference; explicitFileType = undefined; fileEncoding = 4; includeInIndex = 0; lastKnownFileType = sourcecode.c.h; name = deflate.h; path = "ionic-plugin-deploy/deflate.h"; sourceTree = "<group>"; };
		113C0F882B2A4127941B14B5 /* GCDWebServerStreamedResponse.h */ = {isa = PBXFileReference; explicitFileType = undefined; fileEncoding = 4; includeInIndex = 0; lastKnownFileType = sourcecode.c.h; name = GCDWebServerStreamedResponse.h; path = "cordova-plugin-ionic-webview/GCDWebServerStreamedResponse.h"; sourceTree = "<group>"; };
		120E1A01DF4A4857B716CA17 /* CDVWKWebViewUIDelegate.h */ = {isa = PBXFileReference; explicitFileType = undefined; fileEncoding = 4; includeInIndex = 0; lastKnownFileType = sourcecode.c.h; name = CDVWKWebViewUIDelegate.h; path = "cordova-plugin-ionic-webview/CDVWKWebViewUIDelegate.h"; sourceTree = "<group>"; };
		145DE4CE33794903AFC9E140 /* GCDWebServer.m */ = {isa = PBXFileReference; explicitFileType = undefined; fileEncoding = 4; includeInIndex = 0; lastKnownFileType = sourcecode.c.objc; name = GCDWebServer.m; path = "cordova-plugin-ionic-webview/GCDWebServer.m"; sourceTree = "<group>"; };
		156354E9A4BB474DBAAE7B4E /* UIImage+PECrop.m */ = {isa = PBXFileReference; explicitFileType = undefined; fileEncoding = 4; includeInIndex = 0; lastKnownFileType = sourcecode.c.objc; name = "UIImage+PECrop.m"; path = "cordova-plugin-crop/UIImage+PECrop.m"; sourceTree = "<group>"; };
		17CEE7720FB24DCBB451E936 /* compress.c */ = {isa = PBXFileReference; explicitFileType = undefined; fileEncoding = 9; includeInIndex = 0; lastKnownFileType = unknown; name = compress.c; path = "ionic-plugin-deploy/compress.c"; sourceTree = "<group>"; };
		19425C34BE6045C0816EEE8B /* OneSignalPush.m */ = {isa = PBXFileReference; explicitFileType = undefined; fileEncoding = 4; includeInIndex = 0; lastKnownFileType = sourcecode.c.objc; name = OneSignalPush.m; path = "onesignal-cordova-plugin/OneSignalPush.m"; sourceTree = "<group>"; };
		1B8DC30E04F44CDCA6E87D29 /* sqlite3.h */ = {isa = PBXFileReference; explicitFileType = undefined; fileEncoding = 4; includeInIndex = 0; lastKnownFileType = sourcecode.c.h; name = sqlite3.h; path = "cordova-sqlite-storage/sqlite3.h"; sourceTree = "<group>"; };
		1D3623240D0F684500981E51 /* AppDelegate.h */ = {isa = PBXFileReference; fileEncoding = 4; lastKnownFileType = sourcecode.c.h; path = AppDelegate.h; sourceTree = "<group>"; };
		1D3623250D0F684500981E51 /* AppDelegate.m */ = {isa = PBXFileReference; fileEncoding = 4; lastKnownFileType = sourcecode.c.objc; path = AppDelegate.m; sourceTree = "<group>"; };
		1D6058910D05DD3D006BFB54 /* Citadino.app */ = {isa = PBXFileReference; explicitFileType = wrapper.application; includeInIndex = 0; path = Citadino.app; sourceTree = BUILT_PRODUCTS_DIR; };
		1F2E936A0AA745CEAA87B1D7 /* libz.tbd */ = {isa = PBXFileReference; explicitFileType = undefined; fileEncoding = 9; includeInIndex = 0; lastKnownFileType = "sourcecode.text-based-dylib-definition"; name = libz.tbd; path = usr/lib/libz.tbd; sourceTree = SDKROOT; };
		200AC9BD5E674EE698343ACB /* Base64.m */ = {isa = PBXFileReference; explicitFileType = undefined; fileEncoding = 4; includeInIndex = 0; lastKnownFileType = sourcecode.c.objc; name = Base64.m; path = "ionic-plugin-deploy/Base64.m"; sourceTree = "<group>"; };
		2123BF6E6A3342A6ADA35EC8 /* crc32.h */ = {isa = PBXFileReference; explicitFileType = undefined; fileEncoding = 4; includeInIndex = 0; lastKnownFileType = sourcecode.c.h; name = crc32.h; path = "ionic-plugin-deploy/crc32.h"; sourceTree = "<group>"; };
		235E55EC860A48A58D6001AD /* PECropView.m */ = {isa = PBXFileReference; explicitFileType = undefined; fileEncoding = 4; includeInIndex = 0; lastKnownFileType = sourcecode.c.objc; name = PECropView.m; path = "cordova-plugin-crop/PECropView.m"; sourceTree = "<group>"; };
		237F19A3C8C3488894F85DED /* UNIUrlConnection.h */ = {isa = PBXFileReference; explicitFileType = undefined; fileEncoding = 4; includeInIndex = 0; lastKnownFileType = sourcecode.c.h; name = UNIUrlConnection.h; path = "ionic-plugin-deploy/UNIUrlConnection.h"; sourceTree = "<group>"; };
		246C81AF340943878440BE83 /* SystemConfiguration.framework */ = {isa = PBXFileReference; explicitFileType = undefined; fileEncoding = 9; includeInIndex = 0; lastKnownFileType = wrapper.framework; name = SystemConfiguration.framework; path = System/Library/Frameworks/SystemConfiguration.framework; sourceTree = SDKROOT; };
		255190F9917C4EB6B048CFA8 /* GCDWebServerFileResponse.m */ = {isa = PBXFileReference; explicitFileType = undefined; fileEncoding = 4; includeInIndex = 0; lastKnownFileType = sourcecode.c.objc; name = GCDWebServerFileResponse.m; path = "cordova-plugin-ionic-webview/GCDWebServerFileResponse.m"; sourceTree = "<group>"; };
		28F081BAA8A44924A7471B92 /* gzlib.c */ = {isa = PBXFileReference; explicitFileType = undefined; fileEncoding = 9; includeInIndex = 0; lastKnownFileType = unknown; name = gzlib.c; path = "ionic-plugin-deploy/gzlib.c"; sourceTree = "<group>"; };
		29B97316FDCFA39411CA2CEA /* main.m */ = {isa = PBXFileReference; fileEncoding = 4; lastKnownFileType = sourcecode.c.objc; path = main.m; sourceTree = "<group>"; };
		2C09A347795D46659E21B14C /* trees.c */ = {isa = PBXFileReference; explicitFileType = undefined; fileEncoding = 9; includeInIndex = 0; lastKnownFileType = unknown; name = trees.c; path = "ionic-plugin-deploy/trees.c"; sourceTree = "<group>"; };
		2C59250A362542EDB79413C9 /* UNIRest.m */ = {isa = PBXFileReference; explicitFileType = undefined; fileEncoding = 4; includeInIndex = 0; lastKnownFileType = sourcecode.c.objc; name = UNIRest.m; path = "ionic-plugin-deploy/UNIRest.m"; sourceTree = "<group>"; };
		2CAD52691FC74BADAE5D58A5 /* ARCHelper.h */ = {isa = PBXFileReference; explicitFileType = undefined; fileEncoding = 4; includeInIndex = 0; lastKnownFileType = sourcecode.c.h; name = ARCHelper.h; path = "ionic-plugin-deploy/ARCHelper.h"; sourceTree = "<group>"; };
		2CAF52CC99354335B6E85414 /* CDVSplashScreen.h */ = {isa = PBXFileReference; explicitFileType = undefined; fileEncoding = 4; includeInIndex = 0; lastKnownFileType = sourcecode.c.h; name = CDVSplashScreen.h; path = "cordova-plugin-splashscreen/CDVSplashScreen.h"; sourceTree = "<group>"; };
		2D5147B1BE5B4DB7AF2BFF94 /* UNIHTTPClientHelper.h */ = {isa = PBXFileReference; explicitFileType = undefined; fileEncoding = 4; includeInIndex = 0; lastKnownFileType = sourcecode.c.h; name = UNIHTTPClientHelper.h; path = "ionic-plugin-deploy/UNIHTTPClientHelper.h"; sourceTree = "<group>"; };
		2E1A82A377F94F65A16AA666 /* GCDWebServerFileRequest.h */ = {isa = PBXFileReference; explicitFileType = undefined; fileEncoding = 4; includeInIndex = 0; lastKnownFileType = sourcecode.c.h; name = GCDWebServerFileRequest.h; path = "cordova-plugin-ionic-webview/GCDWebServerFileRequest.h"; sourceTree = "<group>"; };
		2EB5990667BC43EB864C0E77 /* UNIHTTPRequest.h */ = {isa = PBXFileReference; explicitFileType = undefined; fileEncoding = 4; includeInIndex = 0; lastKnownFileType = sourcecode.c.h; name = UNIHTTPRequest.h; path = "ionic-plugin-deploy/UNIHTTPRequest.h"; sourceTree = "<group>"; };
		2EE037080C35443B994E0A96 /* GCDWebServer.h */ = {isa = PBXFileReference; explicitFileType = undefined; fileEncoding = 4; includeInIndex = 0; lastKnownFileType = sourcecode.c.h; name = GCDWebServer.h; path = "cordova-plugin-ionic-webview/GCDWebServer.h"; sourceTree = "<group>"; };
		2F50B515356944BC92DB8BA5 /* PECropView.h */ = {isa = PBXFileReference; explicitFileType = undefined; fileEncoding = 4; includeInIndex = 0; lastKnownFileType = sourcecode.c.h; name = PECropView.h; path = "cordova-plugin-crop/PECropView.h"; sourceTree = "<group>"; };
		2FE4DA366BA04FCFAC7B693D /* CFCallNumber.m */ = {isa = PBXFileReference; explicitFileType = undefined; fileEncoding = 4; includeInIndex = 0; lastKnownFileType = sourcecode.c.objc; name = CFCallNumber.m; path = mx.ferreyra.callnumber/CFCallNumber.m; sourceTree = "<group>"; };
		301BF52D109A57CC0062928A /* CordovaLib.xcodeproj */ = {isa = PBXFileReference; lastKnownFileType = "wrapper.pb-project"; name = CordovaLib.xcodeproj; path = CordovaLib/CordovaLib.xcodeproj; sourceTree = "<group>"; };
		301BF56E109A69640062928A /* www */ = {isa = PBXFileReference; lastKnownFileType = folder; path = www; sourceTree = SOURCE_ROOT; };
		302D95EE14D2391D003F00A1 /* MainViewController.h */ = {isa = PBXFileReference; fileEncoding = 4; lastKnownFileType = sourcecode.c.h; path = MainViewController.h; sourceTree = "<group>"; };
		302D95EF14D2391D003F00A1 /* MainViewController.m */ = {isa = PBXFileReference; fileEncoding = 4; lastKnownFileType = sourcecode.c.objc; path = MainViewController.m; sourceTree = "<group>"; };
		302D95F014D2391D003F00A1 /* MainViewController.xib */ = {isa = PBXFileReference; fileEncoding = 4; lastKnownFileType = file.xib; path = MainViewController.xib; sourceTree = "<group>"; };
		3047A50F1AB8059700498E2A /* build-debug.xcconfig */ = {isa = PBXFileReference; fileEncoding = 4; lastKnownFileType = text.xcconfig; name = "build-debug.xcconfig"; path = "cordova/build-debug.xcconfig"; sourceTree = SOURCE_ROOT; };
		3047A5101AB8059700498E2A /* build-release.xcconfig */ = {isa = PBXFileReference; fileEncoding = 4; lastKnownFileType = text.xcconfig; name = "build-release.xcconfig"; path = "cordova/build-release.xcconfig"; sourceTree = SOURCE_ROOT; };
		3047A5111AB8059700498E2A /* build.xcconfig */ = {isa = PBXFileReference; fileEncoding = 4; lastKnownFileType = text.xcconfig; name = build.xcconfig; path = cordova/build.xcconfig; sourceTree = SOURCE_ROOT; };
		32CA4F630368D1EE00C91783 /* Citadino-Prefix.pch */ = {isa = PBXFileReference; fileEncoding = 4; lastKnownFileType = sourcecode.c.h; path = "Citadino-Prefix.pch"; sourceTree = "<group>"; };
		3470CB60104049D3AE546E52 /* IonicConstant.m */ = {isa = PBXFileReference; explicitFileType = undefined; fileEncoding = 4; includeInIndex = 0; lastKnownFileType = sourcecode.c.objc; name = IonicConstant.m; path = "ionic-plugin-deploy/IonicConstant.m"; sourceTree = "<group>"; };
		34B00DA73BD247489FF46DD0 /* VideoEditor.m */ = {isa = PBXFileReference; explicitFileType = undefined; fileEncoding = 4; includeInIndex = 0; lastKnownFileType = sourcecode.c.objc; name = VideoEditor.m; path = "cordova-plugin-video-editor/VideoEditor.m"; sourceTree = "<group>"; };
		35AD0F2D0A584A84AD52AD2C /* GCDWebServerFunctions.m */ = {isa = PBXFileReference; explicitFileType = undefined; fileEncoding = 4; includeInIndex = 0; lastKnownFileType = sourcecode.c.objc; name = GCDWebServerFunctions.m; path = "cordova-plugin-ionic-webview/GCDWebServerFunctions.m"; sourceTree = "<group>"; };
		35F5ACC164424DBA9A2FC639 /* CDVWKProcessPoolFactory.m */ = {isa = PBXFileReference; explicitFileType = undefined; fileEncoding = 4; includeInIndex = 0; lastKnownFileType = sourcecode.c.objc; name = CDVWKProcessPoolFactory.m; path = "cordova-plugin-ionic-webview/CDVWKProcessPoolFactory.m"; sourceTree = "<group>"; };
		3635DB77366148BBA632FB78 /* crc32.c */ = {isa = PBXFileReference; explicitFileType = undefined; fileEncoding = 9; includeInIndex = 0; lastKnownFileType = unknown; name = crc32.c; path = "ionic-plugin-deploy/crc32.c"; sourceTree = "<group>"; };
		367CB234BAD44E1DA68B7EA4 /* gzclose.c */ = {isa = PBXFileReference; explicitFileType = undefined; fileEncoding = 9; includeInIndex = 0; lastKnownFileType = unknown; name = gzclose.c; path = "ionic-plugin-deploy/gzclose.c"; sourceTree = "<group>"; };
		37DB0DAC2A6DC8B039A36292 /* libPods-Citadino.a */ = {isa = PBXFileReference; explicitFileType = archive.ar; includeInIndex = 0; path = "libPods-Citadino.a"; sourceTree = BUILT_PRODUCTS_DIR; };
		3978D2012A734A23A2FEE585 /* UNISimpleRequest.m */ = {isa = PBXFileReference; explicitFileType = undefined; fileEncoding = 4; includeInIndex = 0; lastKnownFileType = sourcecode.c.objc; name = UNISimpleRequest.m; path = "ionic-plugin-deploy/UNISimpleRequest.m"; sourceTree = "<group>"; };
		3B411B8716A24796A9382336 /* Base64.h */ = {isa = PBXFileReference; explicitFileType = undefined; fileEncoding = 4; includeInIndex = 0; lastKnownFileType = sourcecode.c.h; name = Base64.h; path = "ionic-plugin-deploy/Base64.h"; sourceTree = "<group>"; };
		3B4ECB96CFC94D08A8CD0A81 /* IonicDeploy.m */ = {isa = PBXFileReference; explicitFileType = undefined; fileEncoding = 4; includeInIndex = 0; lastKnownFileType = sourcecode.c.objc; name = IonicDeploy.m; path = "ionic-plugin-deploy/IonicDeploy.m"; sourceTree = "<group>"; };
		3FB1E0839D7040469E524D2A /* UNIHTTPBinaryResponse.h */ = {isa = PBXFileReference; explicitFileType = undefined; fileEncoding = 4; includeInIndex = 0; lastKnownFileType = sourcecode.c.h; name = UNIHTTPBinaryResponse.h; path = "ionic-plugin-deploy/UNIHTTPBinaryResponse.h"; sourceTree = "<group>"; };
		413E3D8B24004FF3B8DAC29E /* zutil.h */ = {isa = PBXFileReference; explicitFileType = undefined; fileEncoding = 4; includeInIndex = 0; lastKnownFileType = sourcecode.c.h; name = zutil.h; path = "ionic-plugin-deploy/zutil.h"; sourceTree = "<group>"; };
		41FB229028984842962F75CB /* zip.h */ = {isa = PBXFileReference; explicitFileType = undefined; fileEncoding = 4; includeInIndex = 0; lastKnownFileType = sourcecode.c.h; name = zip.h; path = "ionic-plugin-deploy/zip.h"; sourceTree = "<group>"; };
		422A44130584453FA2A0C3DA /* gzread.c */ = {isa = PBXFileReference; explicitFileType = undefined; fileEncoding = 9; includeInIndex = 0; lastKnownFileType = unknown; name = gzread.c; path = "ionic-plugin-deploy/gzread.c"; sourceTree = "<group>"; };
		44507EE7036F4D98863A41C9 /* CoreLocation.framework */ = {isa = PBXFileReference; explicitFileType = undefined; fileEncoding = 9; includeInIndex = 0; lastKnownFileType = wrapper.framework; name = CoreLocation.framework; path = System/Library/Frameworks/CoreLocation.framework; sourceTree = SDKROOT; };
		447189C1F6AD4EB69650B93A /* UNIRest.h */ = {isa = PBXFileReference; explicitFileType = undefined; fileEncoding = 4; includeInIndex = 0; lastKnownFileType = sourcecode.c.h; name = UNIRest.h; path = "ionic-plugin-deploy/UNIRest.h"; sourceTree = "<group>"; };
		453DEE76E96549EC852D370E /* CDVStatusBar.m */ = {isa = PBXFileReference; explicitFileType = undefined; fileEncoding = 4; includeInIndex = 0; lastKnownFileType = sourcecode.c.objc; name = CDVStatusBar.m; path = "cordova-plugin-statusbar/CDVStatusBar.m"; sourceTree = "<group>"; };
		46959EFD6B754FDA836FBFAA /* CDVConnection.m */ = {isa = PBXFileReference; explicitFileType = undefined; fileEncoding = 4; includeInIndex = 0; lastKnownFileType = sourcecode.c.objc; name = CDVConnection.m; path = "cordova-plugin-network-information/CDVConnection.m"; sourceTree = "<group>"; };
		471AD86B7BC84F9993513D62 /* inffast.h */ = {isa = PBXFileReference; explicitFileType = undefined; fileEncoding = 4; includeInIndex = 0; lastKnownFileType = sourcecode.c.h; name = inffast.h; path = "ionic-plugin-deploy/inffast.h"; sourceTree = "<group>"; };
		4CF00422B2C94291BFB7F91F /* UNIHTTPStringResponse.h */ = {isa = PBXFileReference; explicitFileType = undefined; fileEncoding = 4; includeInIndex = 0; lastKnownFileType = sourcecode.c.h; name = UNIHTTPStringResponse.h; path = "ionic-plugin-deploy/UNIHTTPStringResponse.h"; sourceTree = "<group>"; };
		4EE299966F2442358C3713CC /* UIImage+CropScaleOrientation.h */ = {isa = PBXFileReference; explicitFileType = undefined; fileEncoding = 4; includeInIndex = 0; lastKnownFileType = sourcecode.c.h; name = "UIImage+CropScaleOrientation.h"; path = "cordova-plugin-camera/UIImage+CropScaleOrientation.h"; sourceTree = "<group>"; };
		5197D7CD44A84943A829C5BC /* GCDWebServerDataResponse.h */ = {isa = PBXFileReference; explicitFileType = undefined; fileEncoding = 4; includeInIndex = 0; lastKnownFileType = sourcecode.c.h; name = GCDWebServerDataResponse.h; path = "cordova-plugin-ionic-webview/GCDWebServerDataResponse.h"; sourceTree = "<group>"; };
		529523E71F8C266F008F3FE4 /* Citadino.entitlements */ = {isa = PBXFileReference; lastKnownFileType = text.plist.entitlements; name = Citadino.entitlements; path = Citadino/Citadino.entitlements; sourceTree = "<group>"; };
		55566913EF1C42AEB0FF6164 /* CDVStatusBar.h */ = {isa = PBXFileReference; explicitFileType = undefined; fileEncoding = 4; includeInIndex = 0; lastKnownFileType = sourcecode.c.h; name = CDVStatusBar.h; path = "cordova-plugin-statusbar/CDVStatusBar.h"; sourceTree = "<group>"; };
		561890204C4E489A8340ACCB /* trees.h */ = {isa = PBXFileReference; explicitFileType = undefined; fileEncoding = 4; includeInIndex = 0; lastKnownFileType = sourcecode.c.h; name = trees.h; path = "ionic-plugin-deploy/trees.h"; sourceTree = "<group>"; };
		5842A7C284D14777A3363782 /* ImageIO.framework */ = {isa = PBXFileReference; explicitFileType = undefined; fileEncoding = 9; includeInIndex = 0; lastKnownFileType = wrapper.framework; name = ImageIO.framework; path = System/Library/Frameworks/ImageIO.framework; sourceTree = SDKROOT; };
		58DB282D71784D0286D4EE5A /* CDVWKWebViewEngine.h */ = {isa = PBXFileReference; explicitFileType = undefined; fileEncoding = 4; includeInIndex = 0; lastKnownFileType = sourcecode.c.h; name = CDVWKWebViewEngine.h; path = "cordova-plugin-ionic-webview/CDVWKWebViewEngine.h"; sourceTree = "<group>"; };
		5A8D8AE0C58E4B12A6403494 /* UNIBaseRequest.h */ = {isa = PBXFileReference; explicitFileType = undefined; fileEncoding = 4; includeInIndex = 0; lastKnownFileType = sourcecode.c.h; name = UNIBaseRequest.h; path = "ionic-plugin-deploy/UNIBaseRequest.h"; sourceTree = "<group>"; };
		5DBB7735F7B0495D8D8A6D2B /* UNIHTTPStringResponse.m */ = {isa = PBXFileReference; explicitFileType = undefined; fileEncoding = 4; includeInIndex = 0; lastKnownFileType = sourcecode.c.objc; name = UNIHTTPStringResponse.m; path = "ionic-plugin-deploy/UNIHTTPStringResponse.m"; sourceTree = "<group>"; };
		6008D61C674F4EFFBD730870 /* PECropViewController.m */ = {isa = PBXFileReference; explicitFileType = undefined; fileEncoding = 4; includeInIndex = 0; lastKnownFileType = sourcecode.c.objc; name = PECropViewController.m; path = "cordova-plugin-crop/PECropViewController.m"; sourceTree = "<group>"; };
		600B1D3C69CD44598CA6494F /* GCDWebServerURLEncodedFormRequest.h */ = {isa = PBXFileReference; explicitFileType = undefined; fileEncoding = 4; includeInIndex = 0; lastKnownFileType = sourcecode.c.h; name = GCDWebServerURLEncodedFormRequest.h; path = "cordova-plugin-ionic-webview/GCDWebServerURLEncodedFormRequest.h"; sourceTree = "<group>"; };
		61F434B03B4F4103BA828244 /* GCDWebServerMultiPartFormRequest.m */ = {isa = PBXFileReference; explicitFileType = undefined; fileEncoding = 4; includeInIndex = 0; lastKnownFileType = sourcecode.c.objc; name = GCDWebServerMultiPartFormRequest.m; path = "cordova-plugin-ionic-webview/GCDWebServerMultiPartFormRequest.m"; sourceTree = "<group>"; };
		62519E7C82664AC6A129D804 /* CDVLogger.h */ = {isa = PBXFileReference; explicitFileType = undefined; fileEncoding = 4; includeInIndex = 0; lastKnownFileType = sourcecode.c.h; name = CDVLogger.h; path = "cordova-plugin-console/CDVLogger.h"; sourceTree = "<group>"; };
		62F666A6916844E19788AFCB /* GCDWebServerDataRequest.m */ = {isa = PBXFileReference; explicitFileType = undefined; fileEncoding = 4; includeInIndex = 0; lastKnownFileType = sourcecode.c.objc; name = GCDWebServerDataRequest.m; path = "cordova-plugin-ionic-webview/GCDWebServerDataRequest.m"; sourceTree = "<group>"; };
		6932D2CDBB2C4F1F8189AB09 /* SQLitePlugin.m */ = {isa = PBXFileReference; explicitFileType = undefined; fileEncoding = 4; includeInIndex = 0; lastKnownFileType = sourcecode.c.objc; name = SQLitePlugin.m; path = "cordova-sqlite-storage/SQLitePlugin.m"; sourceTree = "<group>"; };
		69719EFD3DCC4D2A93CEE66A /* UNIHTTPJsonResponse.m */ = {isa = PBXFileReference; explicitFileType = undefined; fileEncoding = 4; includeInIndex = 0; lastKnownFileType = sourcecode.c.objc; name = UNIHTTPJsonResponse.m; path = "ionic-plugin-deploy/UNIHTTPJsonResponse.m"; sourceTree = "<group>"; };
		6A06798C16F54F8196B1D4B1 /* DownloadManager.h */ = {isa = PBXFileReference; explicitFileType = undefined; fileEncoding = 4; includeInIndex = 0; lastKnownFileType = sourcecode.c.h; name = DownloadManager.h; path = "ionic-plugin-deploy/DownloadManager.h"; sourceTree = "<group>"; };
		6AFF5BF81D6E424B00AB3073 /* CDVLaunchScreen.storyboard */ = {isa = PBXFileReference; fileEncoding = 4; lastKnownFileType = file.storyboard; name = CDVLaunchScreen.storyboard; path = Citadino/CDVLaunchScreen.storyboard; sourceTree = SOURCE_ROOT; };
		6C49B1D93E5E4E2D919E6607 /* CDVWKProcessPoolFactory.h */ = {isa = PBXFileReference; explicitFileType = undefined; fileEncoding = 4; includeInIndex = 0; lastKnownFileType = sourcecode.c.h; name = CDVWKProcessPoolFactory.h; path = "cordova-plugin-ionic-webview/CDVWKProcessPoolFactory.h"; sourceTree = "<group>"; };
		6E6A04BC5A6D435582E986D4 /* UIImage+CropScaleOrientation.m */ = {isa = PBXFileReference; explicitFileType = undefined; fileEncoding = 4; includeInIndex = 0; lastKnownFileType = sourcecode.c.objc; name = "UIImage+CropScaleOrientation.m"; path = "cordova-plugin-camera/UIImage+CropScaleOrientation.m"; sourceTree = "<group>"; };
		6FB3B0956F514680862F4599 /* CDVDevice.m */ = {isa = PBXFileReference; explicitFileType = undefined; fileEncoding = 4; includeInIndex = 0; lastKnownFileType = sourcecode.c.objc; name = CDVDevice.m; path = "cordova-plugin-device/CDVDevice.m"; sourceTree = "<group>"; };
		7240ECD3FD32456DA2E76454 /* PECropViewController.h */ = {isa = PBXFileReference; explicitFileType = undefined; fileEncoding = 4; includeInIndex = 0; lastKnownFileType = sourcecode.c.h; name = PECropViewController.h; path = "cordova-plugin-crop/PECropViewController.h"; sourceTree = "<group>"; };
		72427D88512D45E6AA626547 /* GCDWebServerPrivate.h */ = {isa = PBXFileReference; explicitFileType = undefined; fileEncoding = 4; includeInIndex = 0; lastKnownFileType = sourcecode.c.h; name = GCDWebServerPrivate.h; path = "cordova-plugin-ionic-webview/GCDWebServerPrivate.h"; sourceTree = "<group>"; };
		75E8F1C2D9FF42BF9577BA32 /* UNIHTTPRequest.m */ = {isa = PBXFileReference; explicitFileType = undefined; fileEncoding = 4; includeInIndex = 0; lastKnownFileType = sourcecode.c.objc; name = UNIHTTPRequest.m; path = "ionic-plugin-deploy/UNIHTTPRequest.m"; sourceTree = "<group>"; };
		76698A62128C4991BC3648C0 /* SDAVAssetExportSession.h */ = {isa = PBXFileReference; explicitFileType = undefined; fileEncoding = 4; includeInIndex = 0; lastKnownFileType = sourcecode.c.h; name = SDAVAssetExportSession.h; path = "cordova-plugin-video-editor/SDAVAssetExportSession.h"; sourceTree = "<group>"; };
		76FC58281C3E44899EE03ED2 /* inflate.c */ = {isa = PBXFileReference; explicitFileType = undefined; fileEncoding = 9; includeInIndex = 0; lastKnownFileType = unknown; name = inflate.c; path = "ionic-plugin-deploy/inflate.c"; sourceTree = "<group>"; };
		7A71CD30D1004895889C7371 /* gzguts.h */ = {isa = PBXFileReference; explicitFileType = undefined; fileEncoding = 4; includeInIndex = 0; lastKnownFileType = sourcecode.c.h; name = gzguts.h; path = "ionic-plugin-deploy/gzguts.h"; sourceTree = "<group>"; };
		831532070EA54410A0964A0F /* ioapi.h */ = {isa = PBXFileReference; explicitFileType = undefined; fileEncoding = 4; includeInIndex = 0; lastKnownFileType = sourcecode.c.h; name = ioapi.h; path = "ionic-plugin-deploy/ioapi.h"; sourceTree = "<group>"; };
		833DD23D5E054213B111B1A4 /* CDVConnection.h */ = {isa = PBXFileReference; explicitFileType = undefined; fileEncoding = 4; includeInIndex = 0; lastKnownFileType = sourcecode.c.h; name = CDVConnection.h; path = "cordova-plugin-network-information/CDVConnection.h"; sourceTree = "<group>"; };
		83AB0C236C174C7CA2530B9F /* GCDWebServerFileRequest.m */ = {isa = PBXFileReference; explicitFileType = undefined; fileEncoding = 4; includeInIndex = 0; lastKnownFileType = sourcecode.c.objc; name = GCDWebServerFileRequest.m; path = "cordova-plugin-ionic-webview/GCDWebServerFileRequest.m"; sourceTree = "<group>"; };
		83C520396B0F4E23A37707FC /* UNIUrlConnection.m */ = {isa = PBXFileReference; explicitFileType = undefined; fileEncoding = 4; includeInIndex = 0; lastKnownFileType = sourcecode.c.objc; name = UNIUrlConnection.m; path = "ionic-plugin-deploy/UNIUrlConnection.m"; sourceTree = "<group>"; };
		8416E4C7C4674223B2A09F50 /* Download.h */ = {isa = PBXFileReference; explicitFileType = undefined; fileEncoding = 4; includeInIndex = 0; lastKnownFileType = sourcecode.c.h; name = Download.h; path = "ionic-plugin-deploy/Download.h"; sourceTree = "<group>"; };
		89DEA92F525845D09A2BB892 /* CDVViewController+SplashScreen.h */ = {isa = PBXFileReference; explicitFileType = undefined; fileEncoding = 4; includeInIndex = 0; lastKnownFileType = sourcecode.c.h; name = "CDVViewController+SplashScreen.h"; path = "cordova-plugin-splashscreen/CDVViewController+SplashScreen.h"; sourceTree = "<group>"; };
		8BAE3D27D8BE4A8FA2CF0BDD /* zconf.h */ = {isa = PBXFileReference; explicitFileType = undefined; fileEncoding = 4; includeInIndex = 0; lastKnownFileType = sourcecode.c.h; name = zconf.h; path = "ionic-plugin-deploy/zconf.h"; sourceTree = "<group>"; };
		8D1107310486CEB800E47090 /* Citadino-Info.plist */ = {isa = PBXFileReference; fileEncoding = 4; lastKnownFileType = text.plist.xml; name = "Citadino-Info.plist"; path = "Citadino/Citadino-Info.plist"; plistStructureDefinitionIdentifier = "com.apple.xcode.plist.structure-definition.iphone.info-plist"; sourceTree = SOURCE_ROOT; };
		8DA0F81B249540939A26BDEA /* PEResizeControl.h */ = {isa = PBXFileReference; explicitFileType = undefined; fileEncoding = 4; includeInIndex = 0; lastKnownFileType = sourcecode.c.h; name = PEResizeControl.h; path = "cordova-plugin-crop/PEResizeControl.h"; sourceTree = "<group>"; };
		8DF3BF228A974C5AA1235DB8 /* GCDWebServerURLEncodedFormRequest.m */ = {isa = PBXFileReference; explicitFileType = undefined; fileEncoding = 4; includeInIndex = 0; lastKnownFileType = sourcecode.c.objc; name = GCDWebServerURLEncodedFormRequest.m; path = "cordova-plugin-ionic-webview/GCDWebServerURLEncodedFormRequest.m"; sourceTree = "<group>"; };
		8F51C1602DFC4A9A8ADC22C4 /* UNIHTTPBinaryResponse.m */ = {isa = PBXFileReference; explicitFileType = undefined; fileEncoding = 4; includeInIndex = 0; lastKnownFileType = sourcecode.c.objc; name = UNIHTTPBinaryResponse.m; path = "ionic-plugin-deploy/UNIHTTPBinaryResponse.m"; sourceTree = "<group>"; };
		8F687D393EC44934BBA880B7 /* CDVSplashScreen.m */ = {isa = PBXFileReference; explicitFileType = undefined; fileEncoding = 4; includeInIndex = 0; lastKnownFileType = sourcecode.c.objc; name = CDVSplashScreen.m; path = "cordova-plugin-splashscreen/CDVSplashScreen.m"; sourceTree = "<group>"; };
		920D0A9D632745F8924B35D6 /* VideoEditor.h */ = {isa = PBXFileReference; explicitFileType = undefined; fileEncoding = 4; includeInIndex = 0; lastKnownFileType = sourcecode.c.h; name = VideoEditor.h; path = "cordova-plugin-video-editor/VideoEditor.h"; sourceTree = "<group>"; };
		92E493529DD240119DCD73F9 /* CDVWKWebViewEngine.m */ = {isa = PBXFileReference; explicitFileType = undefined; fileEncoding = 4; includeInIndex = 0; lastKnownFileType = sourcecode.c.objc; name = CDVWKWebViewEngine.m; path = "cordova-plugin-ionic-webview/CDVWKWebViewEngine.m"; sourceTree = "<group>"; };
		9410C42DF0D94F1F81FE0132 /* UNIHTTPResponse.h */ = {isa = PBXFileReference; explicitFileType = undefined; fileEncoding = 4; includeInIndex = 0; lastKnownFileType = sourcecode.c.h; name = UNIHTTPResponse.h; path = "ionic-plugin-deploy/UNIHTTPResponse.h"; sourceTree = "<group>"; };
		94C7C0B7C2B34F3383CCC760 /* CDVInAppBrowser.m */ = {isa = PBXFileReference; explicitFileType = undefined; fileEncoding = 4; includeInIndex = 0; lastKnownFileType = sourcecode.c.objc; name = CDVInAppBrowser.m; path = "cordova-plugin-inappbrowser/CDVInAppBrowser.m"; sourceTree = "<group>"; };
		96116726D75E4166A9DC54B7 /* deflate.c */ = {isa = PBXFileReference; explicitFileType = undefined; fileEncoding = 9; includeInIndex = 0; lastKnownFileType = unknown; name = deflate.c; path = "ionic-plugin-deploy/deflate.c"; sourceTree = "<group>"; };
		962D2C39EE8840E599B4BE51 /* CDVExif.h */ = {isa = PBXFileReference; explicitFileType = undefined; fileEncoding = 4; includeInIndex = 0; lastKnownFileType = sourcecode.c.h; name = CDVExif.h; path = "cordova-plugin-camera/CDVExif.h"; sourceTree = "<group>"; };
		971D923CA97B4D2F88B42E60 /* adler32.c */ = {isa = PBXFileReference; explicitFileType = undefined; fileEncoding = 9; includeInIndex = 0; lastKnownFileType = unknown; name = adler32.c; path = "ionic-plugin-deploy/adler32.c"; sourceTree = "<group>"; };
		9A010240EC3543429E771CDF /* IonicKeyboard.m */ = {isa = PBXFileReference; explicitFileType = undefined; fileEncoding = 4; includeInIndex = 0; lastKnownFileType = sourcecode.c.objc; name = IonicKeyboard.m; path = "ionic-plugin-keyboard/IonicKeyboard.m"; sourceTree = "<group>"; };
		9CEEC5B313724EDB91646E63 /* GCDWebServerConnection.m */ = {isa = PBXFileReference; explicitFileType = undefined; fileEncoding = 4; includeInIndex = 0; lastKnownFileType = sourcecode.c.objc; name = GCDWebServerConnection.m; path = "cordova-plugin-ionic-webview/GCDWebServerConnection.m"; sourceTree = "<group>"; };
		9D75FBA461D14ADBB8039411 /* DownloadManager.m */ = {isa = PBXFileReference; explicitFileType = undefined; fileEncoding = 4; includeInIndex = 0; lastKnownFileType = sourcecode.c.objc; name = DownloadManager.m; path = "ionic-plugin-deploy/DownloadManager.m"; sourceTree = "<group>"; };
		A34B02E06DCF41498D1FBC28 /* IonicConstant.h */ = {isa = PBXFileReference; explicitFileType = undefined; fileEncoding = 4; includeInIndex = 0; lastKnownFileType = sourcecode.c.h; name = IonicConstant.h; path = "ionic-plugin-deploy/IonicConstant.h"; sourceTree = "<group>"; };
		A37CD682D787483683EB6E25 /* SQLitePlugin.h */ = {isa = PBXFileReference; explicitFileType = undefined; fileEncoding = 4; includeInIndex = 0; lastKnownFileType = sourcecode.c.h; name = SQLitePlugin.h; path = "cordova-sqlite-storage/SQLitePlugin.h"; sourceTree = "<group>"; };
		A563E4B411BC416785C4EE13 /* CDVReachability.m */ = {isa = PBXFileReference; explicitFileType = undefined; fileEncoding = 4; includeInIndex = 0; lastKnownFileType = sourcecode.c.objc; name = CDVReachability.m; path = "cordova-plugin-network-information/CDVReachability.m"; sourceTree = "<group>"; };
		A8A1926E48D84D099E0918BE /* CDVLogger.m */ = {isa = PBXFileReference; explicitFileType = undefined; fileEncoding = 4; includeInIndex = 0; lastKnownFileType = sourcecode.c.objc; name = CDVLogger.m; path = "cordova-plugin-console/CDVLogger.m"; sourceTree = "<group>"; };
		A95FA468F3E647ADAAD122B2 /* ioapi.c */ = {isa = PBXFileReference; explicitFileType = undefined; fileEncoding = 9; includeInIndex = 0; lastKnownFileType = unknown; name = ioapi.c; path = "ionic-plugin-deploy/ioapi.c"; sourceTree = "<group>"; };
		AA1A9C2F5C5548FDA50F8473 /* GCDWebServerConnection.h */ = {isa = PBXFileReference; explicitFileType = undefined; fileEncoding = 4; includeInIndex = 0; lastKnownFileType = sourcecode.c.h; name = GCDWebServerConnection.h; path = "cordova-plugin-ionic-webview/GCDWebServerConnection.h"; sourceTree = "<group>"; };
		AD4663C6219C40398205E619 /* GCDWebServerResponse.m */ = {isa = PBXFileReference; explicitFileType = undefined; fileEncoding = 4; includeInIndex = 0; lastKnownFileType = sourcecode.c.objc; name = GCDWebServerResponse.m; path = "cordova-plugin-ionic-webview/GCDWebServerResponse.m"; sourceTree = "<group>"; };
		ADB8C198C08640F4A7202CED /* GCDWebServerStreamedResponse.m */ = {isa = PBXFileReference; explicitFileType = undefined; fileEncoding = 4; includeInIndex = 0; lastKnownFileType = sourcecode.c.objc; name = GCDWebServerStreamedResponse.m; path = "cordova-plugin-ionic-webview/GCDWebServerStreamedResponse.m"; sourceTree = "<group>"; };
		AFECC8892A79492A818FF95A /* sqlite3.c */ = {isa = PBXFileReference; explicitFileType = undefined; fileEncoding = 9; includeInIndex = 0; lastKnownFileType = unknown; name = sqlite3.c; path = "cordova-sqlite-storage/sqlite3.c"; sourceTree = "<group>"; };
		B0AD99A5BE6149119C7CF06B /* CDVViewController+SplashScreen.m */ = {isa = PBXFileReference; explicitFileType = undefined; fileEncoding = 4; includeInIndex = 0; lastKnownFileType = sourcecode.c.objc; name = "CDVViewController+SplashScreen.m"; path = "cordova-plugin-splashscreen/CDVViewController+SplashScreen.m"; sourceTree = "<group>"; };
		B2247CF002C04D3B913145D6 /* UNIJsonNode.m */ = {isa = PBXFileReference; explicitFileType = undefined; fileEncoding = 4; includeInIndex = 0; lastKnownFileType = sourcecode.c.objc; name = UNIJsonNode.m; path = "ionic-plugin-deploy/UNIJsonNode.m"; sourceTree = "<group>"; };
		B2C3896B0B854954804329DF /* zlib.h */ = {isa = PBXFileReference; explicitFileType = undefined; fileEncoding = 4; includeInIndex = 0; lastKnownFileType = sourcecode.c.h; name = zlib.h; path = "ionic-plugin-deploy/zlib.h"; sourceTree = "<group>"; };
		B47DDA1F83D04819AC4BAC5A /* crypt.h */ = {isa = PBXFileReference; explicitFileType = undefined; fileEncoding = 4; includeInIndex = 0; lastKnownFileType = sourcecode.c.h; name = crypt.h; path = "ionic-plugin-deploy/crypt.h"; sourceTree = "<group>"; };
		B487E3E7AAFE462B8FB3CA83 /* GCDWebServerFileResponse.h */ = {isa = PBXFileReference; explicitFileType = undefined; fileEncoding = 4; includeInIndex = 0; lastKnownFileType = sourcecode.c.h; name = GCDWebServerFileResponse.h; path = "cordova-plugin-ionic-webview/GCDWebServerFileResponse.h"; sourceTree = "<group>"; };
		B4A03EDED408498FB49EDD00 /* GCDWebServerRequest.m */ = {isa = PBXFileReference; explicitFileType = undefined; fileEncoding = 4; includeInIndex = 0; lastKnownFileType = sourcecode.c.objc; name = GCDWebServerRequest.m; path = "cordova-plugin-ionic-webview/GCDWebServerRequest.m"; sourceTree = "<group>"; };
		B4A2447931CF4C46B65462D1 /* SDAVAssetExportSession.m */ = {isa = PBXFileReference; explicitFileType = undefined; fileEncoding = 4; includeInIndex = 0; lastKnownFileType = sourcecode.c.objc; name = SDAVAssetExportSession.m; path = "cordova-plugin-video-editor/SDAVAssetExportSession.m"; sourceTree = "<group>"; };
		B599DBAECDAC424CB684ACCC /* CDVReachability.h */ = {isa = PBXFileReference; explicitFileType = undefined; fileEncoding = 4; includeInIndex = 0; lastKnownFileType = sourcecode.c.h; name = CDVReachability.h; path = "cordova-plugin-network-information/CDVReachability.h"; sourceTree = "<group>"; };
		B5A73D2375E241F9A1001C06 /* GCDWebServerDataResponse.m */ = {isa = PBXFileReference; explicitFileType = undefined; fileEncoding = 4; includeInIndex = 0; lastKnownFileType = sourcecode.c.objc; name = GCDWebServerDataResponse.m; path = "cordova-plugin-ionic-webview/GCDWebServerDataResponse.m"; sourceTree = "<group>"; };
		B74579BB0C404EB3987FE87E /* PEPhotoCropEditor.bundle */ = {isa = PBXFileReference; explicitFileType = undefined; fileEncoding = 9; includeInIndex = 0; lastKnownFileType = "wrapper.plug-in"; path = PEPhotoCropEditor.bundle; sourceTree = "<group>"; };
		B78B34EFA8DC4F128E6FB6D5 /* SSZipArchive.m */ = {isa = PBXFileReference; explicitFileType = undefined; fileEncoding = 4; includeInIndex = 0; lastKnownFileType = sourcecode.c.objc; name = SSZipArchive.m; path = "ionic-plugin-deploy/SSZipArchive.m"; sourceTree = "<group>"; };
		B7F11B43CD9A48C38E82AFF9 /* GCDWebServerErrorResponse.h */ = {isa = PBXFileReference; explicitFileType = undefined; fileEncoding = 4; includeInIndex = 0; lastKnownFileType = sourcecode.c.h; name = GCDWebServerErrorResponse.h; path = "cordova-plugin-ionic-webview/GCDWebServerErrorResponse.h"; sourceTree = "<group>"; };
		B7FD241E5FFA4379952C30E6 /* gzwrite.c */ = {isa = PBXFileReference; explicitFileType = undefined; fileEncoding = 9; includeInIndex = 0; lastKnownFileType = unknown; name = gzwrite.c; path = "ionic-plugin-deploy/gzwrite.c"; sourceTree = "<group>"; };
		B91DB2AF69594C9386651CAD /* UNIHTTPRequestWithBody.m */ = {isa = PBXFileReference; explicitFileType = undefined; fileEncoding = 4; includeInIndex = 0; lastKnownFileType = sourcecode.c.objc; name = UNIHTTPRequestWithBody.m; path = "ionic-plugin-deploy/UNIHTTPRequestWithBody.m"; sourceTree = "<group>"; };
		B9A234B03B1044A1BAE1D4C9 /* CTCrop.m */ = {isa = PBXFileReference; explicitFileType = undefined; fileEncoding = 4; includeInIndex = 0; lastKnownFileType = sourcecode.c.objc; name = CTCrop.m; path = "cordova-plugin-crop/CTCrop.m"; sourceTree = "<group>"; };
		B9A9F1906EF947F9A091F689 /* UIImage+PECrop.h */ = {isa = PBXFileReference; explicitFileType = undefined; fileEncoding = 4; includeInIndex = 0; lastKnownFileType = sourcecode.c.h; name = "UIImage+PECrop.h"; path = "cordova-plugin-crop/UIImage+PECrop.h"; sourceTree = "<group>"; };
		BD780DA908514FE1A50A643B /* unzip.h */ = {isa = PBXFileReference; explicitFileType = undefined; fileEncoding = 4; includeInIndex = 0; lastKnownFileType = sourcecode.c.h; name = unzip.h; path = "ionic-plugin-deploy/unzip.h"; sourceTree = "<group>"; };
		BDA6A9B3256D43CCBF7BF955 /* UNIBaseRequest.m */ = {isa = PBXFileReference; explicitFileType = undefined; fileEncoding = 4; includeInIndex = 0; lastKnownFileType = sourcecode.c.objc; name = UNIBaseRequest.m; path = "ionic-plugin-deploy/UNIBaseRequest.m"; sourceTree = "<group>"; };
		BE3C6C01E434458FB5250345 /* OneSignalPush.h */ = {isa = PBXFileReference; explicitFileType = undefined; fileEncoding = 4; includeInIndex = 0; lastKnownFileType = sourcecode.c.h; name = OneSignalPush.h; path = "onesignal-cordova-plugin/OneSignalPush.h"; sourceTree = "<group>"; };
		BED47C6536C64950919A9B62 /* CDVCamera.m */ = {isa = PBXFileReference; explicitFileType = undefined; fileEncoding = 4; includeInIndex = 0; lastKnownFileType = sourcecode.c.objc; name = CDVCamera.m; path = "cordova-plugin-camera/CDVCamera.m"; sourceTree = "<group>"; };
		BFF3BE0A1B7940FCA874B07D /* PEResizeControl.m */ = {isa = PBXFileReference; explicitFileType = undefined; fileEncoding = 4; includeInIndex = 0; lastKnownFileType = sourcecode.c.objc; name = PEResizeControl.m; path = "cordova-plugin-crop/PEResizeControl.m"; sourceTree = "<group>"; };
		C272140F6B4D435DAD4E81A0 /* inftrees.c */ = {isa = PBXFileReference; explicitFileType = undefined; fileEncoding = 9; includeInIndex = 0; lastKnownFileType = unknown; name = inftrees.c; path = "ionic-plugin-deploy/inftrees.c"; sourceTree = "<group>"; };
		C309318DAE2C4508B0B0F80E /* SSZipArchive.h */ = {isa = PBXFileReference; explicitFileType = undefined; fileEncoding = 4; includeInIndex = 0; lastKnownFileType = sourcecode.c.h; name = SSZipArchive.h; path = "ionic-plugin-deploy/SSZipArchive.h"; sourceTree = "<group>"; };
		C406FD560621425F8DE9A661 /* MediaPlayer.framework */ = {isa = PBXFileReference; explicitFileType = undefined; fileEncoding = 9; includeInIndex = 0; lastKnownFileType = wrapper.framework; name = MediaPlayer.framework; path = System/Library/Frameworks/MediaPlayer.framework; sourceTree = SDKROOT; };
		C7C4947C7F6A49CAAD47347C /* Unirest-Prefix.pch */ = {isa = PBXFileReference; explicitFileType = undefined; fileEncoding = 4; includeInIndex = 0; lastKnownFileType = sourcecode.c.h; name = "Unirest-Prefix.pch"; path = "ionic-plugin-deploy/Unirest-Prefix.pch"; sourceTree = "<group>"; };
		CB185896202D434EB0A9340D /* GCDWebServerErrorResponse.m */ = {isa = PBXFileReference; explicitFileType = undefined; fileEncoding = 4; includeInIndex = 0; lastKnownFileType = sourcecode.c.objc; name = GCDWebServerErrorResponse.m; path = "cordova-plugin-ionic-webview/GCDWebServerErrorResponse.m"; sourceTree = "<group>"; };
		CC67C7456F06475CA2DD17A0 /* UNIHTTPRequestWithBody.h */ = {isa = PBXFileReference; explicitFileType = undefined; fileEncoding = 4; includeInIndex = 0; lastKnownFileType = sourcecode.c.h; name = UNIHTTPRequestWithBody.h; path = "ionic-plugin-deploy/UNIHTTPRequestWithBody.h"; sourceTree = "<group>"; };
		CD923DDC8FF14FC482C7AE73 /* inflate.h */ = {isa = PBXFileReference; explicitFileType = undefined; fileEncoding = 4; includeInIndex = 0; lastKnownFileType = sourcecode.c.h; name = inflate.h; path = "ionic-plugin-deploy/inflate.h"; sourceTree = "<group>"; };
		CE4D0E18589B4571BD3AB53F /* GCDWebServerFunctions.h */ = {isa = PBXFileReference; explicitFileType = undefined; fileEncoding = 4; includeInIndex = 0; lastKnownFileType = sourcecode.c.h; name = GCDWebServerFunctions.h; path = "cordova-plugin-ionic-webview/GCDWebServerFunctions.h"; sourceTree = "<group>"; };
		CEAA070846AE45648AEB7FBA /* CTCrop.h */ = {isa = PBXFileReference; explicitFileType = undefined; fileEncoding = 4; includeInIndex = 0; lastKnownFileType = sourcecode.c.h; name = CTCrop.h; path = "cordova-plugin-crop/CTCrop.h"; sourceTree = "<group>"; };
		CEF3EA3DDF9343799EE905E7 /* CDVInAppBrowser.h */ = {isa = PBXFileReference; explicitFileType = undefined; fileEncoding = 4; includeInIndex = 0; lastKnownFileType = sourcecode.c.h; name = CDVInAppBrowser.h; path = "cordova-plugin-inappbrowser/CDVInAppBrowser.h"; sourceTree = "<group>"; };
		D004A5CB7592408F98B5900A /* unzip.c */ = {isa = PBXFileReference; explicitFileType = undefined; fileEncoding = 9; includeInIndex = 0; lastKnownFileType = unknown; name = unzip.c; path = "ionic-plugin-deploy/unzip.c"; sourceTree = "<group>"; };
		D1FE22E21EFE421FA4E5D723 /* zip.c */ = {isa = PBXFileReference; explicitFileType = undefined; fileEncoding = 9; includeInIndex = 0; lastKnownFileType = unknown; name = zip.c; path = "ionic-plugin-deploy/zip.c"; sourceTree = "<group>"; };
		D3D0D2ECC3514E86AC2BB2BE /* Download.m */ = {isa = PBXFileReference; explicitFileType = undefined; fileEncoding = 4; includeInIndex = 0; lastKnownFileType = sourcecode.c.objc; name = Download.m; path = "ionic-plugin-deploy/Download.m"; sourceTree = "<group>"; };
		D5603C6D696A4603BC08120C /* UNIBodyRequest.h */ = {isa = PBXFileReference; explicitFileType = undefined; fileEncoding = 4; includeInIndex = 0; lastKnownFileType = sourcecode.c.h; name = UNIBodyRequest.h; path = "ionic-plugin-deploy/UNIBodyRequest.h"; sourceTree = "<group>"; };
		D607BAD2FEA34AD9BF87D25D /* CDVJpegHeaderWriter.h */ = {isa = PBXFileReference; explicitFileType = undefined; fileEncoding = 4; includeInIndex = 0; lastKnownFileType = sourcecode.c.h; name = CDVJpegHeaderWriter.h; path = "cordova-plugin-camera/CDVJpegHeaderWriter.h"; sourceTree = "<group>"; };
		DA4BA2087F8D4A31A099A798 /* UNISimpleRequest.h */ = {isa = PBXFileReference; explicitFileType = undefined; fileEncoding = 4; includeInIndex = 0; lastKnownFileType = sourcecode.c.h; name = UNISimpleRequest.h; path = "ionic-plugin-deploy/UNISimpleRequest.h"; sourceTree = "<group>"; };
		DB6ED318610E48F194027B47 /* PhotoViewer.m */ = {isa = PBXFileReference; explicitFileType = undefined; fileEncoding = 4; includeInIndex = 0; lastKnownFileType = sourcecode.c.objc; name = PhotoViewer.m; path = "com-sarriaroman-photoviewer/PhotoViewer.m"; sourceTree = "<group>"; };
		DB716AED81604968B5FDFF14 /* inffixed.h */ = {isa = PBXFileReference; explicitFileType = undefined; fileEncoding = 4; includeInIndex = 0; lastKnownFileType = sourcecode.c.h; name = inffixed.h; path = "ionic-plugin-deploy/inffixed.h"; sourceTree = "<group>"; };
		DC002762AC1F4787AE2D0B9D /* GCDWebServerDataRequest.h */ = {isa = PBXFileReference; explicitFileType = undefined; fileEncoding = 4; includeInIndex = 0; lastKnownFileType = sourcecode.c.h; name = GCDWebServerDataRequest.h; path = "cordova-plugin-ionic-webview/GCDWebServerDataRequest.h"; sourceTree = "<group>"; };
		E3685C3C700F4CD9B5792AFF /* inftrees.h */ = {isa = PBXFileReference; explicitFileType = undefined; fileEncoding = 4; includeInIndex = 0; lastKnownFileType = sourcecode.c.h; name = inftrees.h; path = "ionic-plugin-deploy/inftrees.h"; sourceTree = "<group>"; };
		E3B486FEAE9E41F9B37C2382 /* zutil.c */ = {isa = PBXFileReference; explicitFileType = undefined; fileEncoding = 9; includeInIndex = 0; lastKnownFileType = unknown; name = zutil.c; path = "ionic-plugin-deploy/zutil.c"; sourceTree = "<group>"; };
		E4BF3FC893B24A9B9C1A4016 /* GCDWebServerHTTPStatusCodes.h */ = {isa = PBXFileReference; explicitFileType = undefined; fileEncoding = 4; includeInIndex = 0; lastKnownFileType = sourcecode.c.h; name = GCDWebServerHTTPStatusCodes.h; path = "cordova-plugin-ionic-webview/GCDWebServerHTTPStatusCodes.h"; sourceTree = "<group>"; };
		E5FEAC5640D04F31A1B8662B /* CFCallNumber.h */ = {isa = PBXFileReference; explicitFileType = undefined; fileEncoding = 4; includeInIndex = 0; lastKnownFileType = sourcecode.c.h; name = CFCallNumber.h; path = mx.ferreyra.callnumber/CFCallNumber.h; sourceTree = "<group>"; };
		E90D9A8F9AC143E6848ABD7A /* IonicDeploy.h */ = {isa = PBXFileReference; explicitFileType = undefined; fileEncoding = 4; includeInIndex = 0; lastKnownFileType = sourcecode.c.h; name = IonicDeploy.h; path = "ionic-plugin-deploy/IonicDeploy.h"; sourceTree = "<group>"; };
		EB87FDF31871DA8E0020F90C /* www */ = {isa = PBXFileReference; lastKnownFileType = folder; name = www; path = ../../www; sourceTree = "<group>"; };
		EB87FDF41871DAF40020F90C /* config.xml */ = {isa = PBXFileReference; lastKnownFileType = text.xml; name = config.xml; path = ../../config.xml; sourceTree = "<group>"; };
		ED33DF2A687741AEAF9F8254 /* Bridging-Header.h */ = {isa = PBXFileReference; fileEncoding = 4; lastKnownFileType = sourcecode.c.h; path = "Bridging-Header.h"; sourceTree = "<group>"; };
		ED5E1C8D84374C57A06020C5 /* CDVWKWebViewUIDelegate.m */ = {isa = PBXFileReference; explicitFileType = undefined; fileEncoding = 4; includeInIndex = 0; lastKnownFileType = sourcecode.c.objc; name = CDVWKWebViewUIDelegate.m; path = "cordova-plugin-ionic-webview/CDVWKWebViewUIDelegate.m"; sourceTree = "<group>"; };
		EDF60B046F6F4A3BBFC3C946 /* AVFoundation.framework */ = {isa = PBXFileReference; explicitFileType = undefined; fileEncoding = 9; includeInIndex = 0; lastKnownFileType = wrapper.framework; name = AVFoundation.framework; path = System/Library/Frameworks/AVFoundation.framework; sourceTree = SDKROOT; };
		EE48200299E94A9D905E88E1 /* CDVCamera.h */ = {isa = PBXFileReference; explicitFileType = undefined; fileEncoding = 4; includeInIndex = 0; lastKnownFileType = sourcecode.c.h; name = CDVCamera.h; path = "cordova-plugin-camera/CDVCamera.h"; sourceTree = "<group>"; };
		F22A9667849C471D8CB6CC1E /* CDVDevice.h */ = {isa = PBXFileReference; explicitFileType = undefined; fileEncoding = 4; includeInIndex = 0; lastKnownFileType = sourcecode.c.h; name = CDVDevice.h; path = "cordova-plugin-device/CDVDevice.h"; sourceTree = "<group>"; };
		F6CDE7A420274F4B9A0F37C0 /* GCDWebServerRequest.h */ = {isa = PBXFileReference; explicitFileType = undefined; fileEncoding = 4; includeInIndex = 0; lastKnownFileType = sourcecode.c.h; name = GCDWebServerRequest.h; path = "cordova-plugin-ionic-webview/GCDWebServerRequest.h"; sourceTree = "<group>"; };
		F7D44148FA8840E9A03E0C72 /* UNIHTTPClientHelper.m */ = {isa = PBXFileReference; explicitFileType = undefined; fileEncoding = 4; includeInIndex = 0; lastKnownFileType = sourcecode.c.objc; name = UNIHTTPClientHelper.m; path = "ionic-plugin-deploy/UNIHTTPClientHelper.m"; sourceTree = "<group>"; };
		F840E1F0165FE0F500CFE078 /* config.xml */ = {isa = PBXFileReference; lastKnownFileType = text.xml; name = config.xml; path = Citadino/config.xml; sourceTree = "<group>"; };
		F8984CA62E8B4160A24E5C15 /* CoreTelephony.framework */ = {isa = PBXFileReference; explicitFileType = undefined; fileEncoding = 9; includeInIndex = 0; lastKnownFileType = wrapper.framework; name = CoreTelephony.framework; path = System/Library/Frameworks/CoreTelephony.framework; sourceTree = SDKROOT; };
		FBD9D71C3B9B4D538032EF69 /* PECropRectView.m */ = {isa = PBXFileReference; explicitFileType = undefined; fileEncoding = 4; includeInIndex = 0; lastKnownFileType = sourcecode.c.objc; name = PECropRectView.m; path = "cordova-plugin-crop/PECropRectView.m"; sourceTree = "<group>"; };
		FE66A8A98F4B4956B3DB7A15 /* CoreVideo.framework */ = {isa = PBXFileReference; explicitFileType = undefined; fileEncoding = 9; includeInIndex = 0; lastKnownFileType = wrapper.framework; name = CoreVideo.framework; path = System/Library/Frameworks/CoreVideo.framework; sourceTree = SDKROOT; };
/* End PBXFileReference section */

/* Begin PBXFrameworksBuildPhase section */
		1D60588F0D05DD3D006BFB54 /* Frameworks */ = {
			isa = PBXFrameworksBuildPhase;
			buildActionMask = 2147483647;
			files = (
				301BF552109A68D80062928A /* libCordova.a in Frameworks */,
				2474FFE8A7644102B8E53FE7 /* CoreTelephony.framework in Frameworks */,
				8695C08E606A4E73AD97DEF9 /* AVFoundation.framework in Frameworks */,
				C9B299C1158A432DA822E34D /* QuartzCore.framework in Frameworks */,
				85761C7A08D44C779F586F67 /* MediaPlayer.framework in Frameworks */,
				F0A47B9D2EF948679C6C429A /* CoreVideo.framework in Frameworks */,
				BFD0E0D8ABA145939648778B /* ImageIO.framework in Frameworks */,
				2DAB19D9150E417EB310E607 /* CoreLocation.framework in Frameworks */,
				296EFC01C62D4DFD8FFACD4B /* SystemConfiguration.framework in Frameworks */,
				278E69B0E35BB32F53997C45 /* libPods-Citadino.a in Frameworks */,
				609A08C6DD724397A8FC476E /* WebKit.framework in Frameworks */,
				9E3FD776B1E34A1A8CFEE987 /* libz.tbd in Frameworks */,
			);
			runOnlyForDeploymentPostprocessing = 0;
		};
/* End PBXFrameworksBuildPhase section */

/* Begin PBXGroup section */
		080E96DDFE201D6D7F000001 /* Classes */ = {
			isa = PBXGroup;
			children = (
				302D95EE14D2391D003F00A1 /* MainViewController.h */,
				302D95EF14D2391D003F00A1 /* MainViewController.m */,
				302D95F014D2391D003F00A1 /* MainViewController.xib */,
				1D3623240D0F684500981E51 /* AppDelegate.h */,
				1D3623250D0F684500981E51 /* AppDelegate.m */,
			);
			name = Classes;
			path = Citadino/Classes;
			sourceTree = SOURCE_ROOT;
		};
		19C28FACFE9D520D11CA2CBB /* Products */ = {
			isa = PBXGroup;
			children = (
				1D6058910D05DD3D006BFB54 /* Citadino.app */,
			);
			name = Products;
			sourceTree = "<group>";
		};
		29B97314FDCFA39411CA2CEA /* CustomTemplate */ = {
			isa = PBXGroup;
			children = (
				529523E71F8C266F008F3FE4 /* Citadino.entitlements */,
				EB87FDF41871DAF40020F90C /* config.xml */,
				EB87FDF31871DA8E0020F90C /* www */,
				EB87FDF11871DA420020F90C /* Staging */,
				301BF52D109A57CC0062928A /* CordovaLib.xcodeproj */,
				080E96DDFE201D6D7F000001 /* Classes */,
				307C750510C5A3420062BCA9 /* Plugins */,
				29B97315FDCFA39411CA2CEA /* Other Sources */,
				29B97317FDCFA39411CA2CEA /* Resources */,
				29B97323FDCFA39411CA2CEA /* Frameworks */,
				19C28FACFE9D520D11CA2CBB /* Products */,
				2EFEF26F5AE2DCABABC6D1C3 /* Pods */,
			);
			name = CustomTemplate;
			sourceTree = "<group>";
		};
		29B97315FDCFA39411CA2CEA /* Other Sources */ = {
			isa = PBXGroup;
			children = (
				32CA4F630368D1EE00C91783 /* Citadino-Prefix.pch */,
				29B97316FDCFA39411CA2CEA /* main.m */,
				ED33DF2A687741AEAF9F8254 /* Bridging-Header.h */,
			);
			name = "Other Sources";
			path = Citadino;
			sourceTree = "<group>";
		};
		29B97317FDCFA39411CA2CEA /* Resources */ = {
			isa = PBXGroup;
			children = (
				0207DA571B56EA530066E2B4 /* Images.xcassets */,
				3047A50E1AB8057F00498E2A /* config */,
				8D1107310486CEB800E47090 /* Citadino-Info.plist */,
				6AFF5BF81D6E424B00AB3073 /* CDVLaunchScreen.storyboard */,
				B74579BB0C404EB3987FE87E /* PEPhotoCropEditor.bundle */,
			);
			name = Resources;
			path = Citadino/Resources;
			sourceTree = "<group>";
		};
		29B97323FDCFA39411CA2CEA /* Frameworks */ = {
			isa = PBXGroup;
			children = (
				F8984CA62E8B4160A24E5C15 /* CoreTelephony.framework */,
				EDF60B046F6F4A3BBFC3C946 /* AVFoundation.framework */,
				09175069161C48029769622B /* QuartzCore.framework */,
				C406FD560621425F8DE9A661 /* MediaPlayer.framework */,
				FE66A8A98F4B4956B3DB7A15 /* CoreVideo.framework */,
				5842A7C284D14777A3363782 /* ImageIO.framework */,
				44507EE7036F4D98863A41C9 /* CoreLocation.framework */,
				246C81AF340943878440BE83 /* SystemConfiguration.framework */,
				37DB0DAC2A6DC8B039A36292 /* libPods-Citadino.a */,
				0145ED2ACBA649ABB1D53150 /* WebKit.framework */,
				1F2E936A0AA745CEAA87B1D7 /* libz.tbd */,
			);
			name = Frameworks;
			sourceTree = "<group>";
		};
		2EFEF26F5AE2DCABABC6D1C3 /* Pods */ = {
			isa = PBXGroup;
			children = (
			);
			name = Pods;
			sourceTree = "<group>";
		};
		301BF52E109A57CC0062928A /* Products */ = {
			isa = PBXGroup;
			children = (
				301BF535109A57CC0062928A /* libCordova.a */,
			);
			name = Products;
			sourceTree = "<group>";
		};
		3047A50E1AB8057F00498E2A /* config */ = {
			isa = PBXGroup;
			children = (
				3047A50F1AB8059700498E2A /* build-debug.xcconfig */,
				3047A5101AB8059700498E2A /* build-release.xcconfig */,
				3047A5111AB8059700498E2A /* build.xcconfig */,
			);
			name = config;
			sourceTree = "<group>";
		};
		307C750510C5A3420062BCA9 /* Plugins */ = {
			isa = PBXGroup;
			children = (
				A8A1926E48D84D099E0918BE /* CDVLogger.m */,
				62519E7C82664AC6A129D804 /* CDVLogger.h */,
				6FB3B0956F514680862F4599 /* CDVDevice.m */,
				F22A9667849C471D8CB6CC1E /* CDVDevice.h */,
				94C7C0B7C2B34F3383CCC760 /* CDVInAppBrowser.m */,
				CEF3EA3DDF9343799EE905E7 /* CDVInAppBrowser.h */,
				46959EFD6B754FDA836FBFAA /* CDVConnection.m */,
				A563E4B411BC416785C4EE13 /* CDVReachability.m */,
				833DD23D5E054213B111B1A4 /* CDVConnection.h */,
				B599DBAECDAC424CB684ACCC /* CDVReachability.h */,
				8F687D393EC44934BBA880B7 /* CDVSplashScreen.m */,
				B0AD99A5BE6149119C7CF06B /* CDVViewController+SplashScreen.m */,
				2CAF52CC99354335B6E85414 /* CDVSplashScreen.h */,
				89DEA92F525845D09A2BB892 /* CDVViewController+SplashScreen.h */,
				453DEE76E96549EC852D370E /* CDVStatusBar.m */,
				55566913EF1C42AEB0FF6164 /* CDVStatusBar.h */,
				6932D2CDBB2C4F1F8189AB09 /* SQLitePlugin.m */,
				AFECC8892A79492A818FF95A /* sqlite3.c */,
				A37CD682D787483683EB6E25 /* SQLitePlugin.h */,
				1B8DC30E04F44CDCA6E87D29 /* sqlite3.h */,
				9A010240EC3543429E771CDF /* IonicKeyboard.m */,
				096AE525B2454B7FB008C53F /* IonicKeyboard.h */,
				3470CB60104049D3AE546E52 /* IonicConstant.m */,
				3B4ECB96CFC94D08A8CD0A81 /* IonicDeploy.m */,
				D3D0D2ECC3514E86AC2BB2BE /* Download.m */,
				9D75FBA461D14ADBB8039411 /* DownloadManager.m */,
				B78B34EFA8DC4F128E6FB6D5 /* SSZipArchive.m */,
				A95FA468F3E647ADAAD122B2 /* ioapi.c */,
				D004A5CB7592408F98B5900A /* unzip.c */,
				D1FE22E21EFE421FA4E5D723 /* zip.c */,
				971D923CA97B4D2F88B42E60 /* adler32.c */,
				17CEE7720FB24DCBB451E936 /* compress.c */,
				3635DB77366148BBA632FB78 /* crc32.c */,
				96116726D75E4166A9DC54B7 /* deflate.c */,
				367CB234BAD44E1DA68B7EA4 /* gzclose.c */,
				28F081BAA8A44924A7471B92 /* gzlib.c */,
				422A44130584453FA2A0C3DA /* gzread.c */,
				B7FD241E5FFA4379952C30E6 /* gzwrite.c */,
				03EE3E99D9224E0ABB8103F9 /* infback.c */,
				0E687796134644BCB4DDD16B /* inffast.c */,
				76FC58281C3E44899EE03ED2 /* inflate.c */,
				C272140F6B4D435DAD4E81A0 /* inftrees.c */,
				2C09A347795D46659E21B14C /* trees.c */,
				07A69D39AE8D436A81B46651 /* uncompr.c */,
				E3B486FEAE9E41F9B37C2382 /* zutil.c */,
				200AC9BD5E674EE698343ACB /* Base64.m */,
				F7D44148FA8840E9A03E0C72 /* UNIHTTPClientHelper.m */,
				75E8F1C2D9FF42BF9577BA32 /* UNIHTTPRequest.m */,
				B91DB2AF69594C9386651CAD /* UNIHTTPRequestWithBody.m */,
				2C59250A362542EDB79413C9 /* UNIRest.m */,
				83C520396B0F4E23A37707FC /* UNIUrlConnection.m */,
				BDA6A9B3256D43CCBF7BF955 /* UNIBaseRequest.m */,
				07DE150A0ADE43FEB5F848CE /* UNIBodyRequest.m */,
				3978D2012A734A23A2FEE585 /* UNISimpleRequest.m */,
				8F51C1602DFC4A9A8ADC22C4 /* UNIHTTPBinaryResponse.m */,
				69719EFD3DCC4D2A93CEE66A /* UNIHTTPJsonResponse.m */,
				0EAEC9C3EDAA48DF839FAD3E /* UNIHTTPResponse.m */,
				5DBB7735F7B0495D8D8A6D2B /* UNIHTTPStringResponse.m */,
				B2247CF002C04D3B913145D6 /* UNIJsonNode.m */,
				A34B02E06DCF41498D1FBC28 /* IonicConstant.h */,
				E90D9A8F9AC143E6848ABD7A /* IonicDeploy.h */,
				8416E4C7C4674223B2A09F50 /* Download.h */,
				6A06798C16F54F8196B1D4B1 /* DownloadManager.h */,
				C309318DAE2C4508B0B0F80E /* SSZipArchive.h */,
				2CAD52691FC74BADAE5D58A5 /* ARCHelper.h */,
				B47DDA1F83D04819AC4BAC5A /* crypt.h */,
				831532070EA54410A0964A0F /* ioapi.h */,
				BD780DA908514FE1A50A643B /* unzip.h */,
				41FB229028984842962F75CB /* zip.h */,
				2123BF6E6A3342A6ADA35EC8 /* crc32.h */,
				0FF1274AB6814B3494B50F53 /* deflate.h */,
				7A71CD30D1004895889C7371 /* gzguts.h */,
				471AD86B7BC84F9993513D62 /* inffast.h */,
				DB716AED81604968B5FDFF14 /* inffixed.h */,
				CD923DDC8FF14FC482C7AE73 /* inflate.h */,
				E3685C3C700F4CD9B5792AFF /* inftrees.h */,
				561890204C4E489A8340ACCB /* trees.h */,
				8BAE3D27D8BE4A8FA2CF0BDD /* zconf.h */,
				B2C3896B0B854954804329DF /* zlib.h */,
				413E3D8B24004FF3B8DAC29E /* zutil.h */,
				3B411B8716A24796A9382336 /* Base64.h */,
				2D5147B1BE5B4DB7AF2BFF94 /* UNIHTTPClientHelper.h */,
				2EB5990667BC43EB864C0E77 /* UNIHTTPRequest.h */,
				CC67C7456F06475CA2DD17A0 /* UNIHTTPRequestWithBody.h */,
				C7C4947C7F6A49CAAD47347C /* Unirest-Prefix.pch */,
				447189C1F6AD4EB69650B93A /* UNIRest.h */,
				237F19A3C8C3488894F85DED /* UNIUrlConnection.h */,
				5A8D8AE0C58E4B12A6403494 /* UNIBaseRequest.h */,
				D5603C6D696A4603BC08120C /* UNIBodyRequest.h */,
				DA4BA2087F8D4A31A099A798 /* UNISimpleRequest.h */,
				3FB1E0839D7040469E524D2A /* UNIHTTPBinaryResponse.h */,
				0C3C5A1853CB431E86F4542E /* UNIHTTPJsonResponse.h */,
				9410C42DF0D94F1F81FE0132 /* UNIHTTPResponse.h */,
				4CF00422B2C94291BFB7F91F /* UNIHTTPStringResponse.h */,
				0A0147F96E0A472CA845FAE1 /* UNIJsonNode.h */,
				2FE4DA366BA04FCFAC7B693D /* CFCallNumber.m */,
				E5FEAC5640D04F31A1B8662B /* CFCallNumber.h */,
				DB6ED318610E48F194027B47 /* PhotoViewer.m */,
				B9A234B03B1044A1BAE1D4C9 /* CTCrop.m */,
				FBD9D71C3B9B4D538032EF69 /* PECropRectView.m */,
				235E55EC860A48A58D6001AD /* PECropView.m */,
				6008D61C674F4EFFBD730870 /* PECropViewController.m */,
				BFF3BE0A1B7940FCA874B07D /* PEResizeControl.m */,
				156354E9A4BB474DBAAE7B4E /* UIImage+PECrop.m */,
				CEAA070846AE45648AEB7FBA /* CTCrop.h */,
				06A3BB0E556D4D9693448E03 /* PECropRectView.h */,
				2F50B515356944BC92DB8BA5 /* PECropView.h */,
				7240ECD3FD32456DA2E76454 /* PECropViewController.h */,
				8DA0F81B249540939A26BDEA /* PEResizeControl.h */,
				B9A9F1906EF947F9A091F689 /* UIImage+PECrop.h */,
				34B00DA73BD247489FF46DD0 /* VideoEditor.m */,
				B4A2447931CF4C46B65462D1 /* SDAVAssetExportSession.m */,
				920D0A9D632745F8924B35D6 /* VideoEditor.h */,
				76698A62128C4991BC3648C0 /* SDAVAssetExportSession.h */,
				6E6A04BC5A6D435582E986D4 /* UIImage+CropScaleOrientation.m */,
				BED47C6536C64950919A9B62 /* CDVCamera.m */,
				0B3123D21CD5430781F62B97 /* CDVJpegHeaderWriter.m */,
				4EE299966F2442358C3713CC /* UIImage+CropScaleOrientation.h */,
				EE48200299E94A9D905E88E1 /* CDVCamera.h */,
				D607BAD2FEA34AD9BF87D25D /* CDVJpegHeaderWriter.h */,
				962D2C39EE8840E599B4BE51 /* CDVExif.h */,
				19425C34BE6045C0816EEE8B /* OneSignalPush.m */,
				BE3C6C01E434458FB5250345 /* OneSignalPush.h */,
				92E493529DD240119DCD73F9 /* CDVWKWebViewEngine.m */,
				ED5E1C8D84374C57A06020C5 /* CDVWKWebViewUIDelegate.m */,
				35F5ACC164424DBA9A2FC639 /* CDVWKProcessPoolFactory.m */,
				145DE4CE33794903AFC9E140 /* GCDWebServer.m */,
				9CEEC5B313724EDB91646E63 /* GCDWebServerConnection.m */,
				35AD0F2D0A584A84AD52AD2C /* GCDWebServerFunctions.m */,
				B4A03EDED408498FB49EDD00 /* GCDWebServerRequest.m */,
				AD4663C6219C40398205E619 /* GCDWebServerResponse.m */,
				62F666A6916844E19788AFCB /* GCDWebServerDataRequest.m */,
				83AB0C236C174C7CA2530B9F /* GCDWebServerFileRequest.m */,
				61F434B03B4F4103BA828244 /* GCDWebServerMultiPartFormRequest.m */,
				8DF3BF228A974C5AA1235DB8 /* GCDWebServerURLEncodedFormRequest.m */,
				B5A73D2375E241F9A1001C06 /* GCDWebServerDataResponse.m */,
				CB185896202D434EB0A9340D /* GCDWebServerErrorResponse.m */,
				255190F9917C4EB6B048CFA8 /* GCDWebServerFileResponse.m */,
				ADB8C198C08640F4A7202CED /* GCDWebServerStreamedResponse.m */,
				58DB282D71784D0286D4EE5A /* CDVWKWebViewEngine.h */,
				120E1A01DF4A4857B716CA17 /* CDVWKWebViewUIDelegate.h */,
				6C49B1D93E5E4E2D919E6607 /* CDVWKProcessPoolFactory.h */,
				2EE037080C35443B994E0A96 /* GCDWebServer.h */,
				AA1A9C2F5C5548FDA50F8473 /* GCDWebServerConnection.h */,
				CE4D0E18589B4571BD3AB53F /* GCDWebServerFunctions.h */,
				E4BF3FC893B24A9B9C1A4016 /* GCDWebServerHTTPStatusCodes.h */,
				72427D88512D45E6AA626547 /* GCDWebServerPrivate.h */,
				F6CDE7A420274F4B9A0F37C0 /* GCDWebServerRequest.h */,
				0970A4560DA44B4D91C01A9B /* GCDWebServerResponse.h */,
				DC002762AC1F4787AE2D0B9D /* GCDWebServerDataRequest.h */,
				2E1A82A377F94F65A16AA666 /* GCDWebServerFileRequest.h */,
				03F523A3C684430A962B6C24 /* GCDWebServerMultiPartFormRequest.h */,
				600B1D3C69CD44598CA6494F /* GCDWebServerURLEncodedFormRequest.h */,
				5197D7CD44A84943A829C5BC /* GCDWebServerDataResponse.h */,
				B7F11B43CD9A48C38E82AFF9 /* GCDWebServerErrorResponse.h */,
				B487E3E7AAFE462B8FB3CA83 /* GCDWebServerFileResponse.h */,
				113C0F882B2A4127941B14B5 /* GCDWebServerStreamedResponse.h */,
			);
			name = Plugins;
			path = Citadino/Plugins;
			sourceTree = SOURCE_ROOT;
		};
		EB87FDF11871DA420020F90C /* Staging */ = {
			isa = PBXGroup;
			children = (
				F840E1F0165FE0F500CFE078 /* config.xml */,
				301BF56E109A69640062928A /* www */,
			);
			name = Staging;
			sourceTree = "<group>";
		};
/* End PBXGroup section */

/* Begin PBXNativeTarget section */
		1D6058900D05DD3D006BFB54 /* Citadino */ = {
			isa = PBXNativeTarget;
			buildConfigurationList = 1D6058960D05DD3E006BFB54 /* Build configuration list for PBXNativeTarget "Citadino" */;
			buildPhases = (
				F4DBAB4FF88BC23CE63497CC /* [CP] Check Pods Manifest.lock */,
				304B58A110DAC018002A0835 /* Copy www directory */,
				1D60588D0D05DD3D006BFB54 /* Resources */,
				1D60588E0D05DD3D006BFB54 /* Sources */,
				1D60588F0D05DD3D006BFB54 /* Frameworks */,
				FEC75A63E4F58558B360AAB6 /* [CP] Embed Pods Frameworks */,
				2F7893EEAC01B65F6875B7C1 /* [CP] Copy Pods Resources */,
			);
			buildRules = (
			);
			dependencies = (
				301BF551109A68C00062928A /* PBXTargetDependency */,
			);
			name = Citadino;
			productName = Citadino;
			productReference = 1D6058910D05DD3D006BFB54 /* Citadino.app */;
			productType = "com.apple.product-type.application";
		};
/* End PBXNativeTarget section */

/* Begin PBXProject section */
		29B97313FDCFA39411CA2CEA /* Project object */ = {
			isa = PBXProject;
			attributes = {
				LastUpgradeCheck = 510;
				ORGANIZATIONNAME = Midilabs;
				TargetAttributes = {
					1D6058900D05DD3D006BFB54 = {
						DevelopmentTeam = KR9VN6ZV42;
						ProvisioningStyle = Automatic;
						SystemCapabilities = {
							com.apple.Push = {
								enabled = 1;
							};
						};
					};
				};
			};
			buildConfigurationList = C01FCF4E08A954540054247B /* Build configuration list for PBXProject "Citadino" */;
			compatibilityVersion = "Xcode 3.2";
			developmentRegion = English;
			hasScannedForEncodings = 1;
			knownRegions = (
				en,
			);
			mainGroup = 29B97314FDCFA39411CA2CEA /* CustomTemplate */;
			productRefGroup = 19C28FACFE9D520D11CA2CBB /* Products */;
			projectDirPath = "";
			projectReferences = (
				{
					ProductGroup = 301BF52E109A57CC0062928A /* Products */;
					ProjectRef = 301BF52D109A57CC0062928A /* CordovaLib.xcodeproj */;
				},
			);
			projectRoot = "";
			targets = (
				1D6058900D05DD3D006BFB54 /* Citadino */,
			);
		};
/* End PBXProject section */

/* Begin PBXReferenceProxy section */
		301BF535109A57CC0062928A /* libCordova.a */ = {
			isa = PBXReferenceProxy;
			fileType = archive.ar;
			path = libCordova.a;
			remoteRef = 301BF534109A57CC0062928A /* PBXContainerItemProxy */;
			sourceTree = BUILT_PRODUCTS_DIR;
		};
/* End PBXReferenceProxy section */

/* Begin PBXResourcesBuildPhase section */
		1D60588D0D05DD3D006BFB54 /* Resources */ = {
			isa = PBXResourcesBuildPhase;
			buildActionMask = 2147483647;
			files = (
				302D95F214D2391D003F00A1 /* MainViewController.xib in Resources */,
				0207DA581B56EA530066E2B4 /* Images.xcassets in Resources */,
				6AFF5BF91D6E424B00AB3073 /* CDVLaunchScreen.storyboard in Resources */,
				482EEC2491714798903A1EF6 /* PEPhotoCropEditor.bundle in Resources */,
			);
			runOnlyForDeploymentPostprocessing = 0;
		};
/* End PBXResourcesBuildPhase section */

/* Begin PBXShellScriptBuildPhase section */
		2F7893EEAC01B65F6875B7C1 /* [CP] Copy Pods Resources */ = {
			isa = PBXShellScriptBuildPhase;
			buildActionMask = 2147483647;
			files = (
			);
			inputPaths = (
			);
			name = "[CP] Copy Pods Resources";
			outputPaths = (
			);
			runOnlyForDeploymentPostprocessing = 0;
			shellPath = /bin/sh;
			shellScript = "\"${SRCROOT}/Pods/Target Support Files/Pods-Citadino/Pods-Citadino-resources.sh\"\n";
			showEnvVarsInLog = 0;
		};
		304B58A110DAC018002A0835 /* Copy www directory */ = {
			isa = PBXShellScriptBuildPhase;
			buildActionMask = 2147483647;
			files = (
			);
			inputPaths = (
			);
			name = "Copy www directory";
			outputPaths = (
			);
			runOnlyForDeploymentPostprocessing = 0;
			shellPath = /bin/sh;
			shellScript = "NODEJS_PATH=/usr/local/bin; NVM_NODE_PATH=~/.nvm/versions/node/`nvm version 2>/dev/null`/bin; N_NODE_PATH=`find /usr/local/n/versions/node/* -maxdepth 0 -type d 2>/dev/null | tail -1`/bin; XCODE_NODE_PATH=`xcode-select --print-path`/usr/share/xcs/Node/bin; PATH=$NODEJS_PATH:$NVM_NODE_PATH:$N_NODE_PATH:$XCODE_NODE_PATH:$PATH && node cordova/lib/copy-www-build-step.js";
			showEnvVarsInLog = 0;
		};
		F4DBAB4FF88BC23CE63497CC /* [CP] Check Pods Manifest.lock */ = {
			isa = PBXShellScriptBuildPhase;
			buildActionMask = 2147483647;
			files = (
			);
			inputPaths = (
				"${PODS_PODFILE_DIR_PATH}/Podfile.lock",
				"${PODS_ROOT}/Manifest.lock",
			);
			name = "[CP] Check Pods Manifest.lock";
			outputPaths = (
				"$(DERIVED_FILE_DIR)/Pods-Citadino-checkManifestLockResult.txt",
			);
			runOnlyForDeploymentPostprocessing = 0;
			shellPath = /bin/sh;
			shellScript = "diff \"${PODS_PODFILE_DIR_PATH}/Podfile.lock\" \"${PODS_ROOT}/Manifest.lock\" > /dev/null\nif [ $? != 0 ] ; then\n    # print error to STDERR\n    echo \"error: The sandbox is not in sync with the Podfile.lock. Run 'pod install' or update your CocoaPods installation.\" >&2\n    exit 1\nfi\n# This output is used by Xcode 'outputs' to avoid re-running this script phase.\necho \"SUCCESS\" > \"${SCRIPT_OUTPUT_FILE_0}\"\n";
			showEnvVarsInLog = 0;
		};
		FEC75A63E4F58558B360AAB6 /* [CP] Embed Pods Frameworks */ = {
			isa = PBXShellScriptBuildPhase;
			buildActionMask = 2147483647;
			files = (
			);
			inputPaths = (
			);
			name = "[CP] Embed Pods Frameworks";
			outputPaths = (
			);
			runOnlyForDeploymentPostprocessing = 0;
			shellPath = /bin/sh;
			shellScript = "\"${SRCROOT}/Pods/Target Support Files/Pods-Citadino/Pods-Citadino-frameworks.sh\"\n";
			showEnvVarsInLog = 0;
		};
/* End PBXShellScriptBuildPhase section */

/* Begin PBXSourcesBuildPhase section */
		1D60588E0D05DD3D006BFB54 /* Sources */ = {
			isa = PBXSourcesBuildPhase;
			buildActionMask = 2147483647;
			files = (
				1D60589B0D05DD56006BFB54 /* main.m in Sources */,
				1D3623260D0F684500981E51 /* AppDelegate.m in Sources */,
				302D95F114D2391D003F00A1 /* MainViewController.m in Sources */,
				94E5C5CE3B1242469BB59690 /* CDVLogger.m in Sources */,
				F017563A1E9044AE99A3D27E /* CDVDevice.m in Sources */,
				57D406B8AD4E4F51AC5034F9 /* CDVInAppBrowser.m in Sources */,
				86600B5927FA4E7C9FEFC0D1 /* CDVConnection.m in Sources */,
				573C7103454F44F1827DC1CC /* CDVReachability.m in Sources */,
				CA32CC14678E4D449F20A82D /* CDVSplashScreen.m in Sources */,
				B7654D33868F4E5ABA46BF72 /* CDVViewController+SplashScreen.m in Sources */,
				B7C243DF9E324E1DBD0E34E6 /* CDVStatusBar.m in Sources */,
				1479D822E6CC46D6925D82C3 /* SQLitePlugin.m in Sources */,
				008E02DF38A440A5AED05E68 /* sqlite3.c in Sources */,
				E1A3B0B449934EE490A5D8EA /* IonicKeyboard.m in Sources */,
				7FDD2BA3795641DAB630CF7D /* IonicConstant.m in Sources */,
				89AF44B2576548BFB2B8217D /* IonicDeploy.m in Sources */,
				69D0B26DD5E242828D34EDCF /* Download.m in Sources */,
				B85D94CB45BA4457B7EABF18 /* DownloadManager.m in Sources */,
				53F43201B0164AA19697C110 /* SSZipArchive.m in Sources */,
				B2C0EC07BDFE468788F887F4 /* ioapi.c in Sources */,
				82C6692745B34FD48B9E21A7 /* unzip.c in Sources */,
				2CC7286CCC64456697F5E5A0 /* zip.c in Sources */,
				B7A25D1F709B47DB9C16A8F0 /* adler32.c in Sources */,
				64998A44C2EE418189011108 /* compress.c in Sources */,
				51F54B7C2E93481D84D0D570 /* crc32.c in Sources */,
				C1252830459844358C95C6F8 /* deflate.c in Sources */,
				24E609F9F1F747629E6836E9 /* gzclose.c in Sources */,
				8D7791237165472FAB74574D /* gzlib.c in Sources */,
				6175D23B272F49FFBF604775 /* gzread.c in Sources */,
				FB8EBFE43466468786790F49 /* gzwrite.c in Sources */,
				330A32BDE8284BB188AF28B2 /* infback.c in Sources */,
				06D6F4AD7ABC4735842F7247 /* inffast.c in Sources */,
				B78697DFDF1F463390CC344D /* inflate.c in Sources */,
				FBFC6B5125004B6C867B2ADC /* inftrees.c in Sources */,
				BF544591C3E34153AD496E1D /* trees.c in Sources */,
				9B2FF00CF85C411699DA9218 /* uncompr.c in Sources */,
				B2CBECCEEA8B4C6A95F2B9AF /* zutil.c in Sources */,
				E77EF2589E5E4229AE2E4FC5 /* Base64.m in Sources */,
				D52F0972EC3C478AA47F8325 /* UNIHTTPClientHelper.m in Sources */,
				782555651C9947F69E9E0320 /* UNIHTTPRequest.m in Sources */,
				9BD0D455831842F3868A78AD /* UNIHTTPRequestWithBody.m in Sources */,
				A50CE959C9A242F8B3A73A28 /* UNIRest.m in Sources */,
				42CB23C88FCB4F6686934DF1 /* UNIUrlConnection.m in Sources */,
				11422464B38A40CFA43D6379 /* UNIBaseRequest.m in Sources */,
				7C4E1F594D7D4E08A5CA24CF /* UNIBodyRequest.m in Sources */,
				17F65D4A888849F29634D51E /* UNISimpleRequest.m in Sources */,
				D46A0B2C0ADE40DD8BA4E85F /* UNIHTTPBinaryResponse.m in Sources */,
				C2E72F600A6C4CFDAC79CC4A /* UNIHTTPJsonResponse.m in Sources */,
				55C43E76BFFC4FCB9B4F372D /* UNIHTTPResponse.m in Sources */,
				F8B565534A4248D893B6DD61 /* UNIHTTPStringResponse.m in Sources */,
				DC29EA1067374BF3957F9A8B /* UNIJsonNode.m in Sources */,
				C1D0F1CC20FC468C91AEFA25 /* CFCallNumber.m in Sources */,
				FC7E4BAD1E9948C08E021090 /* PhotoViewer.m in Sources */,
				102597A9BFB041B4ADBA382D /* CTCrop.m in Sources */,
				2435478E13C84382B9A3DDB1 /* PECropRectView.m in Sources */,
				8A5675850B7A4CD19F19073D /* PECropView.m in Sources */,
				D463DFDF29EC446A81BD908B /* PECropViewController.m in Sources */,
				1DCDEDC5E3364230A6FAFAF5 /* PEResizeControl.m in Sources */,
				D885B972DB4747A5A93C5E26 /* UIImage+PECrop.m in Sources */,
				163F482DA3044A84B4BC451D /* VideoEditor.m in Sources */,
				6923F493AB82483A9A38C5CD /* SDAVAssetExportSession.m in Sources */,
				EB16E8EF6A20418B80F406C1 /* UIImage+CropScaleOrientation.m in Sources */,
				BC01238A46B648F2A43D3A7A /* CDVCamera.m in Sources */,
				6C8D499587A34706BA1366AC /* CDVJpegHeaderWriter.m in Sources */,
				5D2EA65BFAC74105B9F0FEFB /* OneSignalPush.m in Sources */,
				C6DC6EA7EF60427A994B1054 /* CDVWKWebViewEngine.m in Sources */,
				C3023A230B0A472D907D4CB7 /* CDVWKWebViewUIDelegate.m in Sources */,
				17E3D19E1ADE41BEAC8F8CB3 /* CDVWKProcessPoolFactory.m in Sources */,
				971AD8B39E224102949B4859 /* GCDWebServer.m in Sources */,
				E59DDBA86DE945648D08095C /* GCDWebServerConnection.m in Sources */,
				95D1BBDBDBA941C0A49B457A /* GCDWebServerFunctions.m in Sources */,
				D190576F39CF482FBB864CE2 /* GCDWebServerRequest.m in Sources */,
				7C3F35F8B07E4EC5937D9A75 /* GCDWebServerResponse.m in Sources */,
				C454E89B95B74E8EBB0785E6 /* GCDWebServerDataRequest.m in Sources */,
				5155760E45674FC3B48971E7 /* GCDWebServerFileRequest.m in Sources */,
				ECFA41AD33A74907A9FA353F /* GCDWebServerMultiPartFormRequest.m in Sources */,
				900927195BCC4AB2BCD48FBC /* GCDWebServerURLEncodedFormRequest.m in Sources */,
				C1E83DA98B3947C3A87B2D20 /* GCDWebServerDataResponse.m in Sources */,
				0338448821604D63A30EA86A /* GCDWebServerErrorResponse.m in Sources */,
				3B58615501C34043971506D7 /* GCDWebServerFileResponse.m in Sources */,
				871ACF9CD028475F8829B9D0 /* GCDWebServerStreamedResponse.m in Sources */,
			);
			runOnlyForDeploymentPostprocessing = 0;
		};
/* End PBXSourcesBuildPhase section */

/* Begin PBXTargetDependency section */
		301BF551109A68C00062928A /* PBXTargetDependency */ = {
			isa = PBXTargetDependency;
			name = CordovaLib;
			targetProxy = 301BF550109A68C00062928A /* PBXContainerItemProxy */;
		};
/* End PBXTargetDependency section */

/* Begin XCBuildConfiguration section */
		1D6058940D05DD3E006BFB54 /* Debug */ = {
			isa = XCBuildConfiguration;
			baseConfigurationReference = 3047A50F1AB8059700498E2A /* build-debug.xcconfig */;
			buildSettings = {
				ALWAYS_SEARCH_USER_PATHS = NO;
				ASSETCATALOG_COMPILER_APPICON_NAME = AppIcon;
				ASSETCATALOG_COMPILER_LAUNCHIMAGE_NAME = LaunchImage;
				CLANG_ENABLE_MODULES = YES;
				CLANG_ENABLE_OBJC_ARC = YES;
				CODE_SIGN_ENTITLEMENTS = Citadino/Citadino.entitlements;
				CODE_SIGN_IDENTITY = "iPhone Developer";
				"CODE_SIGN_IDENTITY[sdk=iphoneos*]" = "iPhone Developer";
				CODE_SIGN_STYLE = Automatic;
				COPY_PHASE_STRIP = NO;
				DEVELOPMENT_TEAM = KR9VN6ZV42;
				GCC_DYNAMIC_NO_PIC = NO;
				GCC_OPTIMIZATION_LEVEL = 0;
				GCC_PRECOMPILE_PREFIX_HEADER = YES;
				GCC_PREFIX_HEADER = "Citadino/Citadino-Prefix.pch";
				GCC_THUMB_SUPPORT = NO;
				GCC_VERSION = "";
				INFOPLIST_FILE = "Citadino/Citadino-Info.plist";
				IPHONEOS_DEPLOYMENT_TARGET = 9.0;
				LD_RUNPATH_SEARCH_PATHS = "@executable_path/Frameworks";
				PRODUCT_BUNDLE_IDENTIFIER = com.br.midilabs.citadino;
				PRODUCT_NAME = Citadino;
				PROVISIONING_PROFILE = "";
				PROVISIONING_PROFILE_SPECIFIER = "";
				TARGETED_DEVICE_FAMILY = "1,2";
			};
			name = Debug;
		};
		1D6058950D05DD3E006BFB54 /* Release */ = {
			isa = XCBuildConfiguration;
			baseConfigurationReference = 3047A5101AB8059700498E2A /* build-release.xcconfig */;
			buildSettings = {
				ALWAYS_SEARCH_USER_PATHS = NO;
				ASSETCATALOG_COMPILER_APPICON_NAME = AppIcon;
				ASSETCATALOG_COMPILER_LAUNCHIMAGE_NAME = LaunchImage;
				CLANG_ENABLE_MODULES = YES;
				CLANG_ENABLE_OBJC_ARC = YES;
				CODE_SIGN_ENTITLEMENTS = Citadino/Citadino.entitlements;
				CODE_SIGN_IDENTITY = "iPhone Developer";
				"CODE_SIGN_IDENTITY[sdk=iphoneos*]" = "iPhone Developer";
				CODE_SIGN_STYLE = Automatic;
				COPY_PHASE_STRIP = YES;
				DEVELOPMENT_TEAM = KR9VN6ZV42;
				GCC_PRECOMPILE_PREFIX_HEADER = YES;
				GCC_PREFIX_HEADER = "Citadino/Citadino-Prefix.pch";
				GCC_THUMB_SUPPORT = NO;
				GCC_VERSION = "";
				INFOPLIST_FILE = "Citadino/Citadino-Info.plist";
				IPHONEOS_DEPLOYMENT_TARGET = 9.0;
				LD_RUNPATH_SEARCH_PATHS = "@executable_path/Frameworks";
				PRODUCT_BUNDLE_IDENTIFIER = com.br.midilabs.citadino;
				PRODUCT_NAME = Citadino;
				PROVISIONING_PROFILE = "";
				PROVISIONING_PROFILE_SPECIFIER = "";
				TARGETED_DEVICE_FAMILY = "1,2";
			};
			name = Release;
		};
		C01FCF4F08A954540054247B /* Debug */ = {
			isa = XCBuildConfiguration;
			baseConfigurationReference = 3047A5111AB8059700498E2A /* build.xcconfig */;
			buildSettings = {
				ASSETCATALOG_COMPILER_LAUNCHIMAGE_NAME = LaunchImage;
				CLANG_ENABLE_MODULES = YES;
				CLANG_ENABLE_OBJC_ARC = YES;
				CLANG_WARN_BOOL_CONVERSION = YES;
				CLANG_WARN_CONSTANT_CONVERSION = YES;
				CLANG_WARN_EMPTY_BODY = YES;
				CLANG_WARN_ENUM_CONVERSION = YES;
				CLANG_WARN_INT_CONVERSION = YES;
				CLANG_WARN__DUPLICATE_METHOD_MATCH = YES;
				CODE_SIGN_IDENTITY = "iPhone Developer: renato.insigne@gmail.com (H73GFZY6CQ)";
				GCC_C_LANGUAGE_STANDARD = c99;
				GCC_THUMB_SUPPORT = NO;
				GCC_VERSION = "";
				GCC_WARN_ABOUT_RETURN_TYPE = YES;
				GCC_WARN_UNDECLARED_SELECTOR = YES;
				GCC_WARN_UNINITIALIZED_AUTOS = YES;
				GCC_WARN_UNUSED_FUNCTION = YES;
				GCC_WARN_UNUSED_VARIABLE = YES;
				IPHONEOS_DEPLOYMENT_TARGET = 9.0;
				ONLY_ACTIVE_ARCH = YES;
				SDKROOT = iphoneos;
				SKIP_INSTALL = NO;
			};
			name = Debug;
		};
		C01FCF5008A954540054247B /* Release */ = {
			isa = XCBuildConfiguration;
			baseConfigurationReference = 3047A5111AB8059700498E2A /* build.xcconfig */;
			buildSettings = {
				ASSETCATALOG_COMPILER_LAUNCHIMAGE_NAME = LaunchImage;
				CLANG_ENABLE_MODULES = YES;
				CLANG_ENABLE_OBJC_ARC = YES;
				CLANG_WARN_BOOL_CONVERSION = YES;
				CLANG_WARN_CONSTANT_CONVERSION = YES;
				CLANG_WARN_EMPTY_BODY = YES;
				CLANG_WARN_ENUM_CONVERSION = YES;
				CLANG_WARN_INT_CONVERSION = YES;
				CLANG_WARN__DUPLICATE_METHOD_MATCH = YES;
				CODE_SIGN_IDENTITY = "iPhone Developer: renato.insigne@gmail.com (H73GFZY6CQ)";
				GCC_C_LANGUAGE_STANDARD = c99;
				GCC_THUMB_SUPPORT = NO;
				GCC_VERSION = "";
				GCC_WARN_ABOUT_RETURN_TYPE = YES;
				GCC_WARN_UNDECLARED_SELECTOR = YES;
				GCC_WARN_UNINITIALIZED_AUTOS = YES;
				GCC_WARN_UNUSED_FUNCTION = YES;
				GCC_WARN_UNUSED_VARIABLE = YES;
				IPHONEOS_DEPLOYMENT_TARGET = 9.0;
				SDKROOT = iphoneos;
				SKIP_INSTALL = NO;
			};
			name = Release;
		};
/* End XCBuildConfiguration section */

/* Begin XCConfigurationList section */
		1D6058960D05DD3E006BFB54 /* Build configuration list for PBXNativeTarget "Citadino" */ = {
			isa = XCConfigurationList;
			buildConfigurations = (
				1D6058940D05DD3E006BFB54 /* Debug */,
				1D6058950D05DD3E006BFB54 /* Release */,
			);
			defaultConfigurationIsVisible = 0;
			defaultConfigurationName = Release;
		};
		C01FCF4E08A954540054247B /* Build configuration list for PBXProject "Citadino" */ = {
			isa = XCConfigurationList;
			buildConfigurations = (
				C01FCF4F08A954540054247B /* Debug */,
				C01FCF5008A954540054247B /* Release */,
			);
			defaultConfigurationIsVisible = 0;
			defaultConfigurationName = Release;
		};
/* End XCConfigurationList section */
	};
	rootObject = 29B97313FDCFA39411CA2CEA /* Project object */;
}
